{"version":4,"terraform_version":"1.10.6","serial":32,"lineage":"6dac3db3-4c47-aa93-f966-877dc0e650c7","outputs":{"certificate_arn":{"value":"arn:aws:acm:us-east-1:081952199324:certificate/335bf636-b90d-453f-a118-680316ef55c3","type":"string"},"cloudfront_domain":{"value":"d2w2x7olzqylea.cloudfront.net","type":"string"},"dynamodb_clients_table":{"value":"tunnel-clients-dev","type":"string"},"dynamodb_domains_table":{"value":"tunnel-domains-dev","type":"string"},"dynamodb_tunnels_table":{"value":"tunnel-tunnels-dev","type":"string"},"http_proxy_function_url":{"value":"https://nvmd362ibmi7p76rnxljeec2wy0jjuns.lambda-url.us-east-1.on.aws/","type":"string"},"lambda_deployment_bucket":{"value":"tunnel-lambda-deployments-dev","type":"string"},"rest_api_endpoint":{"value":"https://vczsl3eyra.execute-api.us-east-1.amazonaws.com","type":"string"},"websocket_api_endpoint":{"value":"wss://x1c24c1upb.execute-api.us-east-1.amazonaws.com","type":"string"}},"resources":[{"mode":"data","type":"archive_file","name":"authorize_connection_placeholder","provider":"provider[\"registry.opentofu.org/hashicorp/archive\"]","instances":[{"schema_version":0,"attributes":{"exclude_symlink_directories":null,"excludes":null,"id":"5b701982d3447460047b1ed2c0611cedeee3e870","output_base64sha256":"Yz/c6BDreIyYNNTW3Vg0Qgm5PUoeCYHY1h8QPTCQ7hc=","output_base64sha512":"Q6plom1bSHNrE1lpQEh52vQReLNMn6wt08XQKq4/rmpLZo3ME+x3RmJCgH1oc69Xp+TsJZtHYqZ1UQG2zZOZTA==","output_file_mode":null,"output_md5":"a372976e68ede46e9505ae6458d8161a","output_path":"./.terraform/lambda-placeholders/authorize-connection.zip","output_sha":"5b701982d3447460047b1ed2c0611cedeee3e870","output_sha256":"633fdce810eb788c9834d4d6dd58344209b93d4a1e0981d8d61f103d3090ee17","output_sha512":"43aa65a26d5b48736b135969404879daf41178b34c9fac2dd3c5d02aae3fae6a4b668dcc13ec77466242807d6873af57a7e4ec259b4762a6755101b6cd93994c","output_size":149,"source":[{"content":"placeholder","filename":"bootstrap"}],"source_content":null,"source_content_filename":null,"source_dir":null,"source_file":null,"type":"zip"},"sensitive_attributes":[]}]},{"mode":"data","type":"archive_file","name":"create_tunnel_placeholder","provider":"provider[\"registry.opentofu.org/hashicorp/archive\"]","instances":[{"schema_version":0,"attributes":{"exclude_symlink_directories":null,"excludes":null,"id":"5b701982d3447460047b1ed2c0611cedeee3e870","output_base64sha256":"Yz/c6BDreIyYNNTW3Vg0Qgm5PUoeCYHY1h8QPTCQ7hc=","output_base64sha512":"Q6plom1bSHNrE1lpQEh52vQReLNMn6wt08XQKq4/rmpLZo3ME+x3RmJCgH1oc69Xp+TsJZtHYqZ1UQG2zZOZTA==","output_file_mode":null,"output_md5":"a372976e68ede46e9505ae6458d8161a","output_path":"./.terraform/lambda-placeholders/create-tunnel.zip","output_sha":"5b701982d3447460047b1ed2c0611cedeee3e870","output_sha256":"633fdce810eb788c9834d4d6dd58344209b93d4a1e0981d8d61f103d3090ee17","output_sha512":"43aa65a26d5b48736b135969404879daf41178b34c9fac2dd3c5d02aae3fae6a4b668dcc13ec77466242807d6873af57a7e4ec259b4762a6755101b6cd93994c","output_size":149,"source":[{"content":"placeholder","filename":"bootstrap"}],"source_content":null,"source_content_filename":null,"source_dir":null,"source_file":null,"type":"zip"},"sensitive_attributes":[]}]},{"mode":"data","type":"archive_file","name":"delete_tunnel_placeholder","provider":"provider[\"registry.opentofu.org/hashicorp/archive\"]","instances":[{"schema_version":0,"attributes":{"exclude_symlink_directories":null,"excludes":null,"id":"5b701982d3447460047b1ed2c0611cedeee3e870","output_base64sha256":"Yz/c6BDreIyYNNTW3Vg0Qgm5PUoeCYHY1h8QPTCQ7hc=","output_base64sha512":"Q6plom1bSHNrE1lpQEh52vQReLNMn6wt08XQKq4/rmpLZo3ME+x3RmJCgH1oc69Xp+TsJZtHYqZ1UQG2zZOZTA==","output_file_mode":null,"output_md5":"a372976e68ede46e9505ae6458d8161a","output_path":"./.terraform/lambda-placeholders/delete-tunnel.zip","output_sha":"5b701982d3447460047b1ed2c0611cedeee3e870","output_sha256":"633fdce810eb788c9834d4d6dd58344209b93d4a1e0981d8d61f103d3090ee17","output_sha512":"43aa65a26d5b48736b135969404879daf41178b34c9fac2dd3c5d02aae3fae6a4b668dcc13ec77466242807d6873af57a7e4ec259b4762a6755101b6cd93994c","output_size":149,"source":[{"content":"placeholder","filename":"bootstrap"}],"source_content":null,"source_content_filename":null,"source_dir":null,"source_file":null,"type":"zip"},"sensitive_attributes":[]}]},{"mode":"data","type":"archive_file","name":"http_proxy_placeholder","provider":"provider[\"registry.opentofu.org/hashicorp/archive\"]","instances":[{"schema_version":0,"attributes":{"exclude_symlink_directories":null,"excludes":null,"id":"5b701982d3447460047b1ed2c0611cedeee3e870","output_base64sha256":"Yz/c6BDreIyYNNTW3Vg0Qgm5PUoeCYHY1h8QPTCQ7hc=","output_base64sha512":"Q6plom1bSHNrE1lpQEh52vQReLNMn6wt08XQKq4/rmpLZo3ME+x3RmJCgH1oc69Xp+TsJZtHYqZ1UQG2zZOZTA==","output_file_mode":null,"output_md5":"a372976e68ede46e9505ae6458d8161a","output_path":"./.terraform/lambda-placeholders/http-proxy.zip","output_sha":"5b701982d3447460047b1ed2c0611cedeee3e870","output_sha256":"633fdce810eb788c9834d4d6dd58344209b93d4a1e0981d8d61f103d3090ee17","output_sha512":"43aa65a26d5b48736b135969404879daf41178b34c9fac2dd3c5d02aae3fae6a4b668dcc13ec77466242807d6873af57a7e4ec259b4762a6755101b6cd93994c","output_size":149,"source":[{"content":"placeholder","filename":"bootstrap"}],"source_content":null,"source_content_filename":null,"source_dir":null,"source_file":null,"type":"zip"},"sensitive_attributes":[]}]},{"mode":"data","type":"archive_file","name":"list_tunnels_placeholder","provider":"provider[\"registry.opentofu.org/hashicorp/archive\"]","instances":[{"schema_version":0,"attributes":{"exclude_symlink_directories":null,"excludes":null,"id":"5b701982d3447460047b1ed2c0611cedeee3e870","output_base64sha256":"Yz/c6BDreIyYNNTW3Vg0Qgm5PUoeCYHY1h8QPTCQ7hc=","output_base64sha512":"Q6plom1bSHNrE1lpQEh52vQReLNMn6wt08XQKq4/rmpLZo3ME+x3RmJCgH1oc69Xp+TsJZtHYqZ1UQG2zZOZTA==","output_file_mode":null,"output_md5":"a372976e68ede46e9505ae6458d8161a","output_path":"./.terraform/lambda-placeholders/list-tunnels.zip","output_sha":"5b701982d3447460047b1ed2c0611cedeee3e870","output_sha256":"633fdce810eb788c9834d4d6dd58344209b93d4a1e0981d8d61f103d3090ee17","output_sha512":"43aa65a26d5b48736b135969404879daf41178b34c9fac2dd3c5d02aae3fae6a4b668dcc13ec77466242807d6873af57a7e4ec259b4762a6755101b6cd93994c","output_size":149,"source":[{"content":"placeholder","filename":"bootstrap"}],"source_content":null,"source_content_filename":null,"source_dir":null,"source_file":null,"type":"zip"},"sensitive_attributes":[]}]},{"mode":"data","type":"archive_file","name":"register_client_placeholder","provider":"provider[\"registry.opentofu.org/hashicorp/archive\"]","instances":[{"schema_version":0,"attributes":{"exclude_symlink_directories":null,"excludes":null,"id":"5b701982d3447460047b1ed2c0611cedeee3e870","output_base64sha256":"Yz/c6BDreIyYNNTW3Vg0Qgm5PUoeCYHY1h8QPTCQ7hc=","output_base64sha512":"Q6plom1bSHNrE1lpQEh52vQReLNMn6wt08XQKq4/rmpLZo3ME+x3RmJCgH1oc69Xp+TsJZtHYqZ1UQG2zZOZTA==","output_file_mode":null,"output_md5":"a372976e68ede46e9505ae6458d8161a","output_path":"./.terraform/lambda-placeholders/register-client.zip","output_sha":"5b701982d3447460047b1ed2c0611cedeee3e870","output_sha256":"633fdce810eb788c9834d4d6dd58344209b93d4a1e0981d8d61f103d3090ee17","output_sha512":"43aa65a26d5b48736b135969404879daf41178b34c9fac2dd3c5d02aae3fae6a4b668dcc13ec77466242807d6873af57a7e4ec259b4762a6755101b6cd93994c","output_size":149,"source":[{"content":"placeholder","filename":"bootstrap"}],"source_content":null,"source_content_filename":null,"source_dir":null,"source_file":null,"type":"zip"},"sensitive_attributes":[]}]},{"mode":"data","type":"archive_file","name":"tunnel_connect_placeholder","provider":"provider[\"registry.opentofu.org/hashicorp/archive\"]","instances":[{"schema_version":0,"attributes":{"exclude_symlink_directories":null,"excludes":null,"id":"5b701982d3447460047b1ed2c0611cedeee3e870","output_base64sha256":"Yz/c6BDreIyYNNTW3Vg0Qgm5PUoeCYHY1h8QPTCQ7hc=","output_base64sha512":"Q6plom1bSHNrE1lpQEh52vQReLNMn6wt08XQKq4/rmpLZo3ME+x3RmJCgH1oc69Xp+TsJZtHYqZ1UQG2zZOZTA==","output_file_mode":null,"output_md5":"a372976e68ede46e9505ae6458d8161a","output_path":"./.terraform/lambda-placeholders/tunnel-connect.zip","output_sha":"5b701982d3447460047b1ed2c0611cedeee3e870","output_sha256":"633fdce810eb788c9834d4d6dd58344209b93d4a1e0981d8d61f103d3090ee17","output_sha512":"43aa65a26d5b48736b135969404879daf41178b34c9fac2dd3c5d02aae3fae6a4b668dcc13ec77466242807d6873af57a7e4ec259b4762a6755101b6cd93994c","output_size":149,"source":[{"content":"placeholder","filename":"bootstrap"}],"source_content":null,"source_content_filename":null,"source_dir":null,"source_file":null,"type":"zip"},"sensitive_attributes":[]}]},{"mode":"data","type":"archive_file","name":"tunnel_disconnect_placeholder","provider":"provider[\"registry.opentofu.org/hashicorp/archive\"]","instances":[{"schema_version":0,"attributes":{"exclude_symlink_directories":null,"excludes":null,"id":"5b701982d3447460047b1ed2c0611cedeee3e870","output_base64sha256":"Yz/c6BDreIyYNNTW3Vg0Qgm5PUoeCYHY1h8QPTCQ7hc=","output_base64sha512":"Q6plom1bSHNrE1lpQEh52vQReLNMn6wt08XQKq4/rmpLZo3ME+x3RmJCgH1oc69Xp+TsJZtHYqZ1UQG2zZOZTA==","output_file_mode":null,"output_md5":"a372976e68ede46e9505ae6458d8161a","output_path":"./.terraform/lambda-placeholders/tunnel-disconnect.zip","output_sha":"5b701982d3447460047b1ed2c0611cedeee3e870","output_sha256":"633fdce810eb788c9834d4d6dd58344209b93d4a1e0981d8d61f103d3090ee17","output_sha512":"43aa65a26d5b48736b135969404879daf41178b34c9fac2dd3c5d02aae3fae6a4b668dcc13ec77466242807d6873af57a7e4ec259b4762a6755101b6cd93994c","output_size":149,"source":[{"content":"placeholder","filename":"bootstrap"}],"source_content":null,"source_content_filename":null,"source_dir":null,"source_file":null,"type":"zip"},"sensitive_attributes":[]}]},{"mode":"data","type":"archive_file","name":"tunnel_proxy_placeholder","provider":"provider[\"registry.opentofu.org/hashicorp/archive\"]","instances":[{"schema_version":0,"attributes":{"exclude_symlink_directories":null,"excludes":null,"id":"5b701982d3447460047b1ed2c0611cedeee3e870","output_base64sha256":"Yz/c6BDreIyYNNTW3Vg0Qgm5PUoeCYHY1h8QPTCQ7hc=","output_base64sha512":"Q6plom1bSHNrE1lpQEh52vQReLNMn6wt08XQKq4/rmpLZo3ME+x3RmJCgH1oc69Xp+TsJZtHYqZ1UQG2zZOZTA==","output_file_mode":null,"output_md5":"a372976e68ede46e9505ae6458d8161a","output_path":"./.terraform/lambda-placeholders/tunnel-proxy.zip","output_sha":"5b701982d3447460047b1ed2c0611cedeee3e870","output_sha256":"633fdce810eb788c9834d4d6dd58344209b93d4a1e0981d8d61f103d3090ee17","output_sha512":"43aa65a26d5b48736b135969404879daf41178b34c9fac2dd3c5d02aae3fae6a4b668dcc13ec77466242807d6873af57a7e4ec259b4762a6755101b6cd93994c","output_size":149,"source":[{"content":"placeholder","filename":"bootstrap"}],"source_content":null,"source_content_filename":null,"source_dir":null,"source_file":null,"type":"zip"},"sensitive_attributes":[]}]},{"mode":"managed","type":"aws_api_gateway_account","name":"main","provider":"provider[\"registry.opentofu.org/hashicorp/aws\"]","instances":[{"schema_version":0,"attributes":{"api_key_version":"4","cloudwatch_role_arn":"arn:aws:iam::081952199324:role/tunnel-apigateway-cloudwatch-dev","features":["UsagePlans"],"id":"api-gateway-account","reset_on_delete":null,"throttle_settings":[{"burst_limit":5000,"rate_limit":10000}]},"sensitive_attributes":[],"dependencies":["aws_iam_role.apigateway_cloudwatch"]}]},{"mode":"managed","type":"aws_apigatewayv2_api","name":"rest_api","provider":"provider[\"registry.opentofu.org/hashicorp/aws\"]","instances":[{"schema_version":0,"attributes":{"api_endpoint":"https://vczsl3eyra.execute-api.us-east-1.amazonaws.com","api_key_selection_expression":"$request.header.x-api-key","arn":"arn:aws:apigateway:us-east-1::/apis/vczsl3eyra","body":null,"cors_configuration":[{"allow_credentials":false,"allow_headers":["*"],"allow_methods":["DELETE","GET","OPTIONS","POST","PUT"],"allow_origins":["*"],"expose_headers":[],"max_age":300}],"credentials_arn":null,"description":"Tunnel service REST API for control plane operations","disable_execute_api_endpoint":false,"execution_arn":"arn:aws:execute-api:us-east-1:081952199324:vczsl3eyra","fail_on_warnings":null,"id":"vczsl3eyra","ip_address_type":"ipv4","name":"tunnel-rest-api-dev","protocol_type":"HTTP","route_key":null,"route_selection_expression":"$request.method $request.path","tags":{},"tags_all":{"Environment":"dev","ManagedBy":"terraform","Project":"tunnel-service"},"target":null,"version":""},"sensitive_attributes":[],"private":"bnVsbA=="}]},{"mode":"managed","type":"aws_apigatewayv2_api","name":"websocket_api","provider":"provider[\"registry.opentofu.org/hashicorp/aws\"]","instances":[{"schema_version":0,"attributes":{"api_endpoint":"wss://x1c24c1upb.execute-api.us-east-1.amazonaws.com","api_key_selection_expression":"$request.header.x-api-key","arn":"arn:aws:apigateway:us-east-1::/apis/x1c24c1upb","body":null,"cors_configuration":[],"credentials_arn":null,"description":"Tunnel service WebSocket API for tunnel connections","disable_execute_api_endpoint":false,"execution_arn":"arn:aws:execute-api:us-east-1:081952199324:x1c24c1upb","fail_on_warnings":null,"id":"x1c24c1upb","ip_address_type":"ipv4","name":"tunnel-websocket-api-dev","protocol_type":"WEBSOCKET","route_key":null,"route_selection_expression":"$request.body.action","tags":{},"tags_all":{"Environment":"dev","ManagedBy":"terraform","Project":"tunnel-service"},"target":null,"version":""},"sensitive_attributes":[],"private":"bnVsbA=="}]},{"mode":"managed","type":"aws_apigatewayv2_authorizer","name":"websocket","provider":"provider[\"registry.opentofu.org/hashicorp/aws\"]","instances":[{"schema_version":0,"attributes":{"api_id":"x1c24c1upb","authorizer_credentials_arn":"","authorizer_payload_format_version":"","authorizer_result_ttl_in_seconds":0,"authorizer_type":"REQUEST","authorizer_uri":"arn:aws:apigateway:us-east-1:lambda:path/2015-03-31/functions/arn:aws:lambda:us-east-1:081952199324:function:tunnel-authorize-connection-dev/invocations","enable_simple_responses":false,"id":"gbq0eb","identity_sources":["route.request.header.Authorization"],"jwt_configuration":[],"name":"websocket-authorizer","timeouts":null},"sensitive_attributes":[],"private":"eyJlMmJmYjczMC1lY2FhLTExZTYtOGY4OC0zNDM2M2JjN2M0YzAiOnsiZGVsZXRlIjoxODAwMDAwMDAwMDAwfX0=","dependencies":["aws_apigatewayv2_api.websocket_api","aws_dynamodb_table.clients","aws_iam_role.lambda_execution","aws_lambda_function.authorize_connection","data.archive_file.authorize_connection_placeholder"]}]},{"mode":"managed","type":"aws_apigatewayv2_integration","name":"connect","provider":"provider[\"registry.opentofu.org/hashicorp/aws\"]","instances":[{"schema_version":0,"attributes":{"api_id":"x1c24c1upb","connection_id":"","connection_type":"INTERNET","content_handling_strategy":"","credentials_arn":"","description":"","id":"xmb4o4g","integration_method":"POST","integration_response_selection_expression":"","integration_subtype":"","integration_type":"AWS_PROXY","integration_uri":"arn:aws:apigateway:us-east-1:lambda:path/2015-03-31/functions/arn:aws:lambda:us-east-1:081952199324:function:tunnel-tunnel-connect-dev/invocations","passthrough_behavior":"WHEN_NO_MATCH","payload_format_version":"1.0","request_parameters":{},"request_templates":{},"response_parameters":[],"template_selection_expression":"","timeout_milliseconds":29000,"tls_config":[]},"sensitive_attributes":[],"private":"bnVsbA==","dependencies":["aws_apigatewayv2_api.websocket_api","aws_dynamodb_table.tunnels","aws_iam_role.lambda_execution","aws_lambda_function.tunnel_connect","data.archive_file.tunnel_connect_placeholder"]}]},{"mode":"managed","type":"aws_apigatewayv2_integration","name":"create_tunnel","provider":"provider[\"registry.opentofu.org/hashicorp/aws\"]","instances":[{"schema_version":0,"attributes":{"api_id":"vczsl3eyra","connection_id":"","connection_type":"INTERNET","content_handling_strategy":"","credentials_arn":"","description":"","id":"ywr9412","integration_method":"POST","integration_response_selection_expression":"","integration_subtype":"","integration_type":"AWS_PROXY","integration_uri":"arn:aws:apigateway:us-east-1:lambda:path/2015-03-31/functions/arn:aws:lambda:us-east-1:081952199324:function:tunnel-create-tunnel-dev/invocations","passthrough_behavior":"","payload_format_version":"1.0","request_parameters":{},"request_templates":{},"response_parameters":[],"template_selection_expression":"","timeout_milliseconds":30000,"tls_config":[]},"sensitive_attributes":[],"private":"bnVsbA==","dependencies":["aws_api_gateway_account.main","aws_apigatewayv2_api.rest_api","aws_apigatewayv2_api.websocket_api","aws_apigatewayv2_stage.websocket_api","aws_cloudwatch_log_group.websocket_api","aws_dynamodb_table.clients","aws_dynamodb_table.domains","aws_dynamodb_table.tunnels","aws_iam_role.apigateway_cloudwatch","aws_iam_role.lambda_execution","aws_lambda_function.create_tunnel","data.archive_file.create_tunnel_placeholder"]}]},{"mode":"managed","type":"aws_apigatewayv2_integration","name":"default","provider":"provider[\"registry.opentofu.org/hashicorp/aws\"]","instances":[{"schema_version":0,"attributes":{"api_id":"x1c24c1upb","connection_id":"","connection_type":"INTERNET","content_handling_strategy":"","credentials_arn":"","description":"","id":"azqkxla","integration_method":"POST","integration_response_selection_expression":"","integration_subtype":"","integration_type":"AWS_PROXY","integration_uri":"arn:aws:apigateway:us-east-1:lambda:path/2015-03-31/functions/arn:aws:lambda:us-east-1:081952199324:function:tunnel-tunnel-proxy-dev/invocations","passthrough_behavior":"WHEN_NO_MATCH","payload_format_version":"1.0","request_parameters":{},"request_templates":{},"response_parameters":[],"template_selection_expression":"","timeout_milliseconds":29000,"tls_config":[]},"sensitive_attributes":[],"private":"bnVsbA==","dependencies":["aws_api_gateway_account.main","aws_apigatewayv2_api.websocket_api","aws_apigatewayv2_stage.websocket_api","aws_cloudwatch_log_group.websocket_api","aws_dynamodb_table.domains","aws_dynamodb_table.pending_requests","aws_dynamodb_table.tunnels","aws_iam_role.apigateway_cloudwatch","aws_iam_role.lambda_execution","aws_lambda_function.tunnel_proxy","data.archive_file.tunnel_proxy_placeholder"]}]},{"mode":"managed","type":"aws_apigatewayv2_integration","name":"delete_tunnel","provider":"provider[\"registry.opentofu.org/hashicorp/aws\"]","instances":[{"schema_version":0,"attributes":{"api_id":"vczsl3eyra","connection_id":"","connection_type":"INTERNET","content_handling_strategy":"","credentials_arn":"","description":"","id":"m6gfka8","integration_method":"POST","integration_response_selection_expression":"","integration_subtype":"","integration_type":"AWS_PROXY","integration_uri":"arn:aws:apigateway:us-east-1:lambda:path/2015-03-31/functions/arn:aws:lambda:us-east-1:081952199324:function:tunnel-delete-tunnel-dev/invocations","passthrough_behavior":"","payload_format_version":"1.0","request_parameters":{},"request_templates":{},"response_parameters":[],"template_selection_expression":"","timeout_milliseconds":30000,"tls_config":[]},"sensitive_attributes":[],"private":"bnVsbA==","dependencies":["aws_apigatewayv2_api.rest_api","aws_dynamodb_table.clients","aws_dynamodb_table.domains","aws_dynamodb_table.tunnels","aws_iam_role.lambda_execution","aws_lambda_function.delete_tunnel","data.archive_file.delete_tunnel_placeholder"]}]},{"mode":"managed","type":"aws_apigatewayv2_integration","name":"disconnect","provider":"provider[\"registry.opentofu.org/hashicorp/aws\"]","instances":[{"schema_version":0,"attributes":{"api_id":"x1c24c1upb","connection_id":"","connection_type":"INTERNET","content_handling_strategy":"","credentials_arn":"","description":"","id":"ex5f4pb","integration_method":"POST","integration_response_selection_expression":"","integration_subtype":"","integration_type":"AWS_PROXY","integration_uri":"arn:aws:apigateway:us-east-1:lambda:path/2015-03-31/functions/arn:aws:lambda:us-east-1:081952199324:function:tunnel-tunnel-disconnect-dev/invocations","passthrough_behavior":"WHEN_NO_MATCH","payload_format_version":"1.0","request_parameters":{},"request_templates":{},"response_parameters":[],"template_selection_expression":"","timeout_milliseconds":29000,"tls_config":[]},"sensitive_attributes":[],"private":"bnVsbA==","dependencies":["aws_apigatewayv2_api.websocket_api","aws_dynamodb_table.domains","aws_dynamodb_table.tunnels","aws_iam_role.lambda_execution","aws_lambda_function.tunnel_disconnect","data.archive_file.tunnel_disconnect_placeholder"]}]},{"mode":"managed","type":"aws_apigatewayv2_integration","name":"http_proxy","provider":"provider[\"registry.opentofu.org/hashicorp/aws\"]","instances":[{"schema_version":0,"attributes":{"api_id":"vczsl3eyra","connection_id":"","connection_type":"INTERNET","content_handling_strategy":"","credentials_arn":"","description":"","id":"twk742h","integration_method":"POST","integration_response_selection_expression":"","integration_subtype":"","integration_type":"AWS_PROXY","integration_uri":"arn:aws:apigateway:us-east-1:lambda:path/2015-03-31/functions/arn:aws:lambda:us-east-1:081952199324:function:tunnel-http-proxy-dev/invocations","passthrough_behavior":"","payload_format_version":"2.0","request_parameters":{},"request_templates":{},"response_parameters":[],"template_selection_expression":"","timeout_milliseconds":30000,"tls_config":[]},"sensitive_attributes":[],"private":"bnVsbA==","dependencies":["aws_api_gateway_account.main","aws_apigatewayv2_api.rest_api","aws_apigatewayv2_api.websocket_api","aws_apigatewayv2_stage.websocket_api","aws_cloudwatch_log_group.websocket_api","aws_dynamodb_table.domains","aws_dynamodb_table.pending_requests","aws_dynamodb_table.tunnels","aws_iam_role.apigateway_cloudwatch","aws_iam_role.lambda_execution","aws_lambda_function.http_proxy","data.archive_file.http_proxy_placeholder"]}]},{"mode":"managed","type":"aws_apigatewayv2_integration","name":"list_tunnels","provider":"provider[\"registry.opentofu.org/hashicorp/aws\"]","instances":[{"schema_version":0,"attributes":{"api_id":"vczsl3eyra","connection_id":"","connection_type":"INTERNET","content_handling_strategy":"","credentials_arn":"","description":"","id":"por9tj0","integration_method":"POST","integration_response_selection_expression":"","integration_subtype":"","integration_type":"AWS_PROXY","integration_uri":"arn:aws:apigateway:us-east-1:lambda:path/2015-03-31/functions/arn:aws:lambda:us-east-1:081952199324:function:tunnel-list-tunnels-dev/invocations","passthrough_behavior":"","payload_format_version":"1.0","request_parameters":{},"request_templates":{},"response_parameters":[],"template_selection_expression":"","timeout_milliseconds":30000,"tls_config":[]},"sensitive_attributes":[],"private":"bnVsbA==","dependencies":["aws_apigatewayv2_api.rest_api","aws_dynamodb_table.clients","aws_dynamodb_table.tunnels","aws_iam_role.lambda_execution","aws_lambda_function.list_tunnels","data.archive_file.list_tunnels_placeholder"]}]},{"mode":"managed","type":"aws_apigatewayv2_integration","name":"register_client","provider":"provider[\"registry.opentofu.org/hashicorp/aws\"]","instances":[{"schema_version":0,"attributes":{"api_id":"vczsl3eyra","connection_id":"","connection_type":"INTERNET","content_handling_strategy":"","credentials_arn":"","description":"","id":"1vn77fu","integration_method":"POST","integration_response_selection_expression":"","integration_subtype":"","integration_type":"AWS_PROXY","integration_uri":"arn:aws:apigateway:us-east-1:lambda:path/2015-03-31/functions/arn:aws:lambda:us-east-1:081952199324:function:tunnel-register-client-dev/invocations","passthrough_behavior":"","payload_format_version":"1.0","request_parameters":{},"request_templates":{},"response_parameters":[],"template_selection_expression":"","timeout_milliseconds":30000,"tls_config":[]},"sensitive_attributes":[],"private":"bnVsbA==","dependencies":["aws_apigatewayv2_api.rest_api","aws_dynamodb_table.clients","aws_iam_role.lambda_execution","aws_lambda_function.register_client","data.archive_file.register_client_placeholder"]}]},{"mode":"managed","type":"aws_apigatewayv2_route","name":"connect","provider":"provider[\"registry.opentofu.org/hashicorp/aws\"]","instances":[{"schema_version":0,"attributes":{"api_id":"x1c24c1upb","api_key_required":false,"authorization_scopes":[],"authorization_type":"CUSTOM","authorizer_id":"gbq0eb","id":"5yhc3ot","model_selection_expression":"","operation_name":"","request_models":{},"request_parameter":[],"route_key":"$connect","route_response_selection_expression":"","target":"integrations/xmb4o4g"},"sensitive_attributes":[],"private":"bnVsbA==","dependencies":["aws_apigatewayv2_api.websocket_api","aws_apigatewayv2_authorizer.websocket","aws_apigatewayv2_integration.connect","aws_dynamodb_table.clients","aws_dynamodb_table.tunnels","aws_iam_role.lambda_execution","aws_lambda_function.authorize_connection","aws_lambda_function.tunnel_connect","data.archive_file.authorize_connection_placeholder","data.archive_file.tunnel_connect_placeholder"]}]},{"mode":"managed","type":"aws_apigatewayv2_route","name":"create_tunnel","provider":"provider[\"registry.opentofu.org/hashicorp/aws\"]","instances":[{"schema_version":0,"attributes":{"api_id":"vczsl3eyra","api_key_required":false,"authorization_scopes":[],"authorization_type":"NONE","authorizer_id":"","id":"ferjsdm","model_selection_expression":"","operation_name":"","request_models":{},"request_parameter":[],"route_key":"POST /tunnels","route_response_selection_expression":"","target":"integrations/ywr9412"},"sensitive_attributes":[],"private":"bnVsbA==","dependencies":["aws_api_gateway_account.main","aws_apigatewayv2_api.rest_api","aws_apigatewayv2_api.websocket_api","aws_apigatewayv2_integration.create_tunnel","aws_apigatewayv2_stage.websocket_api","aws_cloudwatch_log_group.websocket_api","aws_dynamodb_table.clients","aws_dynamodb_table.domains","aws_dynamodb_table.tunnels","aws_iam_role.apigateway_cloudwatch","aws_iam_role.lambda_execution","aws_lambda_function.create_tunnel","data.archive_file.create_tunnel_placeholder"]}]},{"mode":"managed","type":"aws_apigatewayv2_route","name":"default","provider":"provider[\"registry.opentofu.org/hashicorp/aws\"]","instances":[{"schema_version":0,"attributes":{"api_id":"x1c24c1upb","api_key_required":false,"authorization_scopes":[],"authorization_type":"NONE","authorizer_id":"","id":"b8pqc76","model_selection_expression":"","operation_name":"","request_models":{},"request_parameter":[],"route_key":"$default","route_response_selection_expression":"","target":"integrations/azqkxla"},"sensitive_attributes":[],"private":"bnVsbA==","dependencies":["aws_api_gateway_account.main","aws_apigatewayv2_api.websocket_api","aws_apigatewayv2_integration.default","aws_apigatewayv2_stage.websocket_api","aws_cloudwatch_log_group.websocket_api","aws_dynamodb_table.domains","aws_dynamodb_table.pending_requests","aws_dynamodb_table.tunnels","aws_iam_role.apigateway_cloudwatch","aws_iam_role.lambda_execution","aws_lambda_function.tunnel_proxy","data.archive_file.tunnel_proxy_placeholder"]}]},{"mode":"managed","type":"aws_apigatewayv2_route","name":"delete_tunnel","provider":"provider[\"registry.opentofu.org/hashicorp/aws\"]","instances":[{"schema_version":0,"attributes":{"api_id":"vczsl3eyra","api_key_required":false,"authorization_scopes":[],"authorization_type":"NONE","authorizer_id":"","id":"427x86u","model_selection_expression":"","operation_name":"","request_models":{},"request_parameter":[],"route_key":"DELETE /tunnels/{tunnel_id}","route_response_selection_expression":"","target":"integrations/m6gfka8"},"sensitive_attributes":[],"private":"bnVsbA==","dependencies":["aws_apigatewayv2_api.rest_api","aws_apigatewayv2_integration.delete_tunnel","aws_dynamodb_table.clients","aws_dynamodb_table.domains","aws_dynamodb_table.tunnels","aws_iam_role.lambda_execution","aws_lambda_function.delete_tunnel","data.archive_file.delete_tunnel_placeholder"]}]},{"mode":"managed","type":"aws_apigatewayv2_route","name":"disconnect","provider":"provider[\"registry.opentofu.org/hashicorp/aws\"]","instances":[{"schema_version":0,"attributes":{"api_id":"x1c24c1upb","api_key_required":false,"authorization_scopes":[],"authorization_type":"NONE","authorizer_id":"","id":"urlw4m3","model_selection_expression":"","operation_name":"","request_models":{},"request_parameter":[],"route_key":"$disconnect","route_response_selection_expression":"","target":"integrations/ex5f4pb"},"sensitive_attributes":[],"private":"bnVsbA==","dependencies":["aws_apigatewayv2_api.websocket_api","aws_apigatewayv2_integration.disconnect","aws_dynamodb_table.domains","aws_dynamodb_table.tunnels","aws_iam_role.lambda_execution","aws_lambda_function.tunnel_disconnect","data.archive_file.tunnel_disconnect_placeholder"]}]},{"mode":"managed","type":"aws_apigatewayv2_route","name":"http_proxy","provider":"provider[\"registry.opentofu.org/hashicorp/aws\"]","instances":[{"schema_version":0,"attributes":{"api_id":"vczsl3eyra","api_key_required":false,"authorization_scopes":[],"authorization_type":"NONE","authorizer_id":"","id":"ogeivrm","model_selection_expression":"","operation_name":"","request_models":{},"request_parameter":[],"route_key":"ANY /t/{subdomain}/{proxy+}","route_response_selection_expression":"","target":"integrations/twk742h"},"sensitive_attributes":[],"private":"bnVsbA==","dependencies":["aws_api_gateway_account.main","aws_apigatewayv2_api.rest_api","aws_apigatewayv2_api.websocket_api","aws_apigatewayv2_integration.http_proxy","aws_apigatewayv2_stage.websocket_api","aws_cloudwatch_log_group.websocket_api","aws_dynamodb_table.domains","aws_dynamodb_table.pending_requests","aws_dynamodb_table.tunnels","aws_iam_role.apigateway_cloudwatch","aws_iam_role.lambda_execution","aws_lambda_function.http_proxy","data.archive_file.http_proxy_placeholder"]}]},{"mode":"managed","type":"aws_apigatewayv2_route","name":"http_proxy_root","provider":"provider[\"registry.opentofu.org/hashicorp/aws\"]","instances":[{"schema_version":0,"attributes":{"api_id":"vczsl3eyra","api_key_required":false,"authorization_scopes":[],"authorization_type":"NONE","authorizer_id":"","id":"h88czsa","model_selection_expression":"","operation_name":"","request_models":{},"request_parameter":[],"route_key":"ANY /t/{subdomain}","route_response_selection_expression":"","target":"integrations/twk742h"},"sensitive_attributes":[],"private":"bnVsbA==","dependencies":["aws_api_gateway_account.main","aws_apigatewayv2_api.rest_api","aws_apigatewayv2_api.websocket_api","aws_apigatewayv2_integration.http_proxy","aws_apigatewayv2_stage.websocket_api","aws_cloudwatch_log_group.websocket_api","aws_dynamodb_table.domains","aws_dynamodb_table.pending_requests","aws_dynamodb_table.tunnels","aws_iam_role.apigateway_cloudwatch","aws_iam_role.lambda_execution","aws_lambda_function.http_proxy","data.archive_file.http_proxy_placeholder"]}]},{"mode":"managed","type":"aws_apigatewayv2_route","name":"list_tunnels","provider":"provider[\"registry.opentofu.org/hashicorp/aws\"]","instances":[{"schema_version":0,"attributes":{"api_id":"vczsl3eyra","api_key_required":false,"authorization_scopes":[],"authorization_type":"NONE","authorizer_id":"","id":"prpa5ch","model_selection_expression":"","operation_name":"","request_models":{},"request_parameter":[],"route_key":"GET /tunnels","route_response_selection_expression":"","target":"integrations/por9tj0"},"sensitive_attributes":[],"private":"bnVsbA==","dependencies":["aws_apigatewayv2_api.rest_api","aws_apigatewayv2_integration.list_tunnels","aws_dynamodb_table.clients","aws_dynamodb_table.tunnels","aws_iam_role.lambda_execution","aws_lambda_function.list_tunnels","data.archive_file.list_tunnels_placeholder"]}]},{"mode":"managed","type":"aws_apigatewayv2_route","name":"register_client","provider":"provider[\"registry.opentofu.org/hashicorp/aws\"]","instances":[{"schema_version":0,"attributes":{"api_id":"vczsl3eyra","api_key_required":false,"authorization_scopes":[],"authorization_type":"NONE","authorizer_id":"","id":"cofkzb9","model_selection_expression":"","operation_name":"","request_models":{},"request_parameter":[],"route_key":"POST /clients","route_response_selection_expression":"","target":"integrations/1vn77fu"},"sensitive_attributes":[],"private":"bnVsbA==","dependencies":["aws_apigatewayv2_api.rest_api","aws_apigatewayv2_integration.register_client","aws_dynamodb_table.clients","aws_iam_role.lambda_execution","aws_lambda_function.register_client","data.archive_file.register_client_placeholder"]}]},{"mode":"managed","type":"aws_apigatewayv2_stage","name":"rest_api","provider":"provider[\"registry.opentofu.org/hashicorp/aws\"]","instances":[{"schema_version":0,"attributes":{"access_log_settings":[{"destination_arn":"arn:aws:logs:us-east-1:081952199324:log-group:/aws/apigateway/tunnel-rest-dev","format":"{\"httpMethod\":\"$context.httpMethod\",\"ip\":\"$context.identity.sourceIp\",\"protocol\":\"$context.protocol\",\"requestId\":\"$context.requestId\",\"requestTime\":\"$context.requestTime\",\"responseLength\":\"$context.responseLength\",\"routeKey\":\"$context.routeKey\",\"status\":\"$context.status\"}"}],"api_id":"vczsl3eyra","arn":"arn:aws:apigateway:us-east-1::/apis/vczsl3eyra/stages/$default","auto_deploy":true,"client_certificate_id":"","default_route_settings":[{"data_trace_enabled":false,"detailed_metrics_enabled":false,"logging_level":"","throttling_burst_limit":0,"throttling_rate_limit":0}],"deployment_id":"77ivd1","description":"","execution_arn":"arn:aws:execute-api:us-east-1:081952199324:vczsl3eyra/$default","id":"$default","invoke_url":"https://vczsl3eyra.execute-api.us-east-1.amazonaws.com/","name":"$default","route_settings":[],"stage_variables":{},"tags":{},"tags_all":{"Environment":"dev","ManagedBy":"terraform","Project":"tunnel-service"}},"sensitive_attributes":[],"private":"bnVsbA==","dependencies":["aws_api_gateway_account.main","aws_apigatewayv2_api.rest_api","aws_cloudwatch_log_group.rest_api","aws_iam_role.apigateway_cloudwatch"]}]},{"mode":"managed","type":"aws_apigatewayv2_stage","name":"websocket_api","provider":"provider[\"registry.opentofu.org/hashicorp/aws\"]","instances":[{"schema_version":0,"attributes":{"access_log_settings":[{"destination_arn":"arn:aws:logs:us-east-1:081952199324:log-group:/aws/apigateway/tunnel-websocket-dev","format":"{\"connectionId\":\"$context.connectionId\",\"ip\":\"$context.identity.sourceIp\",\"protocol\":\"$context.protocol\",\"requestId\":\"$context.requestId\",\"requestTime\":\"$context.requestTime\",\"responseLength\":\"$context.responseLength\",\"routeKey\":\"$context.routeKey\",\"status\":\"$context.status\"}"}],"api_id":"x1c24c1upb","arn":"arn:aws:apigateway:us-east-1::/apis/x1c24c1upb/stages/dev","auto_deploy":true,"client_certificate_id":"","default_route_settings":[{"data_trace_enabled":false,"detailed_metrics_enabled":false,"logging_level":"OFF","throttling_burst_limit":5000,"throttling_rate_limit":10000}],"deployment_id":"u2o2sr","description":"","execution_arn":"arn:aws:execute-api:us-east-1:081952199324:x1c24c1upb/dev","id":"dev","invoke_url":"wss://x1c24c1upb.execute-api.us-east-1.amazonaws.com/dev","name":"dev","route_settings":[],"stage_variables":{},"tags":{},"tags_all":{"Environment":"dev","ManagedBy":"terraform","Project":"tunnel-service"}},"sensitive_attributes":[],"private":"bnVsbA==","dependencies":["aws_api_gateway_account.main","aws_apigatewayv2_api.websocket_api","aws_cloudwatch_log_group.websocket_api","aws_iam_role.apigateway_cloudwatch"]}]},{"mode":"managed","type":"aws_cloudfront_distribution","name":"tunnel","provider":"provider[\"registry.opentofu.org/hashicorp/aws\"]","instances":[{"index_key":0,"schema_version":1,"attributes":{"aliases":["*.tunnel.atelier.run"],"arn":"arn:aws:cloudfront::081952199324:distribution/E3LHFWLPGV6Y87","caller_reference":"terraform-20260214223100404200000001","comment":"Tunnel service distribution for dev","continuous_deployment_policy_id":"","custom_error_response":[],"default_cache_behavior":[{"allowed_methods":["DELETE","GET","HEAD","OPTIONS","PATCH","POST","PUT"],"cache_policy_id":"4135ea2d-6df8-44a3-9df3-4b5a84be39ad","cached_methods":["GET","HEAD"],"compress":false,"default_ttl":0,"field_level_encryption_id":"","forwarded_values":[],"function_association":[{"event_type":"viewer-request","function_arn":"arn:aws:cloudfront::081952199324:function/tunnel-url-rewrite-dev"}],"grpc_config":[{"enabled":false}],"lambda_function_association":[],"max_ttl":0,"min_ttl":0,"origin_request_policy_id":"b689b0a8-53d0-40ab-baf2-68738e2966ac","realtime_log_config_arn":"","response_headers_policy_id":"","smooth_streaming":false,"target_origin_id":"http-proxy-lambda-url","trusted_key_groups":[],"trusted_signers":[],"viewer_protocol_policy":"redirect-to-https"}],"default_root_object":"","domain_name":"d2w2x7olzqylea.cloudfront.net","enabled":true,"etag":"E3AEGXETSR30VB","hosted_zone_id":"Z2FDTNDATAQYW2","http_version":"http2","id":"E3LHFWLPGV6Y87","in_progress_validation_batches":0,"is_ipv6_enabled":false,"last_modified_time":"2026-02-19 21:02:30.651 +0000 UTC","logging_config":[],"ordered_cache_behavior":[],"origin":[{"connection_attempts":3,"connection_timeout":10,"custom_header":[],"custom_origin_config":[{"http_port":80,"https_port":443,"origin_keepalive_timeout":60,"origin_protocol_policy":"https-only","origin_read_timeout":60,"origin_ssl_protocols":["TLSv1.2"]}],"domain_name":"nvmd362ibmi7p76rnxljeec2wy0jjuns.lambda-url.us-east-1.on.aws","origin_access_control_id":"EBRR9QI5G4SWZ","origin_id":"http-proxy-lambda-url","origin_path":"","origin_shield":[],"s3_origin_config":[],"vpc_origin_config":[]}],"origin_group":[],"price_class":"PriceClass_All","restrictions":[{"geo_restriction":[{"locations":[],"restriction_type":"none"}]}],"retain_on_delete":false,"staging":false,"status":"Deployed","tags":{"Name":"tunnel-distribution-dev"},"tags_all":{"Environment":"dev","ManagedBy":"terraform","Name":"tunnel-distribution-dev","Project":"tunnel-service"},"trusted_key_groups":[{"enabled":false,"items":[]}],"trusted_signers":[{"enabled":false,"items":[]}],"viewer_certificate":[{"acm_certificate_arn":"arn:aws:acm:us-east-1:081952199324:certificate/335bf636-b90d-453f-a118-680316ef55c3","cloudfront_default_certificate":false,"iam_certificate_id":"","minimum_protocol_version":"TLSv1.2_2021","ssl_support_method":"sni-only"}],"wait_for_deployment":true,"web_acl_id":""},"sensitive_attributes":[],"private":"eyJzY2hlbWFfdmVyc2lvbiI6IjEifQ==","dependencies":["aws_api_gateway_account.main","aws_apigatewayv2_api.websocket_api","aws_apigatewayv2_stage.websocket_api","aws_cloudfront_function.tunnel_url_rewrite","aws_cloudfront_origin_access_control.http_proxy","aws_cloudwatch_log_group.websocket_api","aws_dynamodb_table.domains","aws_dynamodb_table.pending_requests","aws_dynamodb_table.tunnels","aws_iam_role.apigateway_cloudwatch","aws_iam_role.lambda_execution","aws_lambda_function.http_proxy","aws_lambda_function_url.http_proxy","data.archive_file.http_proxy_placeholder"]}]},{"mode":"managed","type":"aws_cloudfront_function","name":"tunnel_url_rewrite","provider":"provider[\"registry.opentofu.org/hashicorp/aws\"]","instances":[{"index_key":0,"schema_version":0,"attributes":{"arn":"arn:aws:cloudfront::081952199324:function/tunnel-url-rewrite-dev","code":"function handler(event) {\n  var request = event.request;\n  var host = request.headers.host.value;\n  var subdomain = host.split('.')[0];\n  var uri = request.uri;\n  if (uri === '/' || uri === '') {\n    request.uri = '/t/' + subdomain;\n  } else {\n    request.uri = '/t/' + subdomain + uri;\n  }\n  return request;\n}\n","comment":"Rewrite subdomain requests to /t/{subdomain}/{path} for the REST API","etag":"ETVPDKIKX0DER","id":"tunnel-url-rewrite-dev","key_value_store_associations":[],"live_stage_etag":"ETVPDKIKX0DER","name":"tunnel-url-rewrite-dev","publish":true,"runtime":"cloudfront-js-2.0","status":"DEPLOYED"},"sensitive_attributes":[],"private":"bnVsbA=="}]},{"mode":"managed","type":"aws_cloudfront_origin_access_control","name":"http_proxy","provider":"provider[\"registry.opentofu.org/hashicorp/aws\"]","instances":[{"index_key":0,"schema_version":0,"attributes":{"arn":"arn:aws:cloudfront::081952199324:origin-access-control/EBRR9QI5G4SWZ","description":"OAC for http-proxy Lambda Function URL streaming","etag":"ETVPDKIKX0DER","id":"EBRR9QI5G4SWZ","name":"tunnel-http-proxy-oac-dev","origin_access_control_origin_type":"lambda","signing_behavior":"always","signing_protocol":"sigv4"},"sensitive_attributes":[],"private":"bnVsbA=="}]},{"mode":"managed","type":"aws_cloudwatch_log_group","name":"authorize_connection","provider":"provider[\"registry.opentofu.org/hashicorp/aws\"]","instances":[{"schema_version":0,"attributes":{"arn":"arn:aws:logs:us-east-1:081952199324:log-group:/aws/lambda/tunnel-authorize-connection-dev","id":"/aws/lambda/tunnel-authorize-connection-dev","kms_key_id":"","log_group_class":"STANDARD","name":"/aws/lambda/tunnel-authorize-connection-dev","name_prefix":"","retention_in_days":7,"skip_destroy":false,"tags":{},"tags_all":{"Environment":"dev","ManagedBy":"terraform","Project":"tunnel-service"}},"sensitive_attributes":[],"private":"bnVsbA==","dependencies":["aws_dynamodb_table.clients","aws_iam_role.lambda_execution","aws_lambda_function.authorize_connection","data.archive_file.authorize_connection_placeholder"]}]},{"mode":"managed","type":"aws_cloudwatch_log_group","name":"create_tunnel","provider":"provider[\"registry.opentofu.org/hashicorp/aws\"]","instances":[{"schema_version":0,"attributes":{"arn":"arn:aws:logs:us-east-1:081952199324:log-group:/aws/lambda/tunnel-create-tunnel-dev","id":"/aws/lambda/tunnel-create-tunnel-dev","kms_key_id":"","log_group_class":"STANDARD","name":"/aws/lambda/tunnel-create-tunnel-dev","name_prefix":"","retention_in_days":7,"skip_destroy":false,"tags":{},"tags_all":{"Environment":"dev","ManagedBy":"terraform","Project":"tunnel-service"}},"sensitive_attributes":[],"private":"bnVsbA==","dependencies":["aws_api_gateway_account.main","aws_apigatewayv2_api.websocket_api","aws_apigatewayv2_stage.websocket_api","aws_cloudwatch_log_group.websocket_api","aws_dynamodb_table.clients","aws_dynamodb_table.domains","aws_dynamodb_table.tunnels","aws_iam_role.apigateway_cloudwatch","aws_iam_role.lambda_execution","aws_lambda_function.create_tunnel","data.archive_file.create_tunnel_placeholder"]}]},{"mode":"managed","type":"aws_cloudwatch_log_group","name":"delete_tunnel","provider":"provider[\"registry.opentofu.org/hashicorp/aws\"]","instances":[{"schema_version":0,"attributes":{"arn":"arn:aws:logs:us-east-1:081952199324:log-group:/aws/lambda/tunnel-delete-tunnel-dev","id":"/aws/lambda/tunnel-delete-tunnel-dev","kms_key_id":"","log_group_class":"STANDARD","name":"/aws/lambda/tunnel-delete-tunnel-dev","name_prefix":"","retention_in_days":7,"skip_destroy":false,"tags":{},"tags_all":{"Environment":"dev","ManagedBy":"terraform","Project":"tunnel-service"}},"sensitive_attributes":[],"private":"bnVsbA==","dependencies":["aws_dynamodb_table.clients","aws_dynamodb_table.domains","aws_dynamodb_table.tunnels","aws_iam_role.lambda_execution","aws_lambda_function.delete_tunnel","data.archive_file.delete_tunnel_placeholder"]}]},{"mode":"managed","type":"aws_cloudwatch_log_group","name":"http_proxy","provider":"provider[\"registry.opentofu.org/hashicorp/aws\"]","instances":[{"schema_version":0,"attributes":{"arn":"arn:aws:logs:us-east-1:081952199324:log-group:/aws/lambda/tunnel-http-proxy-dev","id":"/aws/lambda/tunnel-http-proxy-dev","kms_key_id":"","log_group_class":"STANDARD","name":"/aws/lambda/tunnel-http-proxy-dev","name_prefix":"","retention_in_days":7,"skip_destroy":false,"tags":{},"tags_all":{"Environment":"dev","ManagedBy":"terraform","Project":"tunnel-service"}},"sensitive_attributes":[],"private":"bnVsbA==","dependencies":["aws_api_gateway_account.main","aws_apigatewayv2_api.websocket_api","aws_apigatewayv2_stage.websocket_api","aws_cloudwatch_log_group.websocket_api","aws_dynamodb_table.domains","aws_dynamodb_table.pending_requests","aws_dynamodb_table.tunnels","aws_iam_role.apigateway_cloudwatch","aws_iam_role.lambda_execution","aws_lambda_function.http_proxy","data.archive_file.http_proxy_placeholder"]}]},{"mode":"managed","type":"aws_cloudwatch_log_group","name":"list_tunnels","provider":"provider[\"registry.opentofu.org/hashicorp/aws\"]","instances":[{"schema_version":0,"attributes":{"arn":"arn:aws:logs:us-east-1:081952199324:log-group:/aws/lambda/tunnel-list-tunnels-dev","id":"/aws/lambda/tunnel-list-tunnels-dev","kms_key_id":"","log_group_class":"STANDARD","name":"/aws/lambda/tunnel-list-tunnels-dev","name_prefix":"","retention_in_days":7,"skip_destroy":false,"tags":{},"tags_all":{"Environment":"dev","ManagedBy":"terraform","Project":"tunnel-service"}},"sensitive_attributes":[],"private":"bnVsbA==","dependencies":["aws_dynamodb_table.clients","aws_dynamodb_table.tunnels","aws_iam_role.lambda_execution","aws_lambda_function.list_tunnels","data.archive_file.list_tunnels_placeholder"]}]},{"mode":"managed","type":"aws_cloudwatch_log_group","name":"register_client","provider":"provider[\"registry.opentofu.org/hashicorp/aws\"]","instances":[{"schema_version":0,"attributes":{"arn":"arn:aws:logs:us-east-1:081952199324:log-group:/aws/lambda/tunnel-register-client-dev","id":"/aws/lambda/tunnel-register-client-dev","kms_key_id":"","log_group_class":"STANDARD","name":"/aws/lambda/tunnel-register-client-dev","name_prefix":"","retention_in_days":7,"skip_destroy":false,"tags":{},"tags_all":{"Environment":"dev","ManagedBy":"terraform","Project":"tunnel-service"}},"sensitive_attributes":[],"private":"bnVsbA==","dependencies":["aws_dynamodb_table.clients","aws_iam_role.lambda_execution","aws_lambda_function.register_client","data.archive_file.register_client_placeholder"]}]},{"mode":"managed","type":"aws_cloudwatch_log_group","name":"rest_api","provider":"provider[\"registry.opentofu.org/hashicorp/aws\"]","instances":[{"schema_version":0,"attributes":{"arn":"arn:aws:logs:us-east-1:081952199324:log-group:/aws/apigateway/tunnel-rest-dev","id":"/aws/apigateway/tunnel-rest-dev","kms_key_id":"","log_group_class":"STANDARD","name":"/aws/apigateway/tunnel-rest-dev","name_prefix":"","retention_in_days":7,"skip_destroy":false,"tags":{},"tags_all":{"Environment":"dev","ManagedBy":"terraform","Project":"tunnel-service"}},"sensitive_attributes":[],"private":"bnVsbA=="}]},{"mode":"managed","type":"aws_cloudwatch_log_group","name":"tunnel_connect","provider":"provider[\"registry.opentofu.org/hashicorp/aws\"]","instances":[{"schema_version":0,"attributes":{"arn":"arn:aws:logs:us-east-1:081952199324:log-group:/aws/lambda/tunnel-tunnel-connect-dev","id":"/aws/lambda/tunnel-tunnel-connect-dev","kms_key_id":"","log_group_class":"STANDARD","name":"/aws/lambda/tunnel-tunnel-connect-dev","name_prefix":"","retention_in_days":7,"skip_destroy":false,"tags":{},"tags_all":{"Environment":"dev","ManagedBy":"terraform","Project":"tunnel-service"}},"sensitive_attributes":[],"private":"bnVsbA==","dependencies":["aws_dynamodb_table.tunnels","aws_iam_role.lambda_execution","aws_lambda_function.tunnel_connect","data.archive_file.tunnel_connect_placeholder"]}]},{"mode":"managed","type":"aws_cloudwatch_log_group","name":"tunnel_disconnect","provider":"provider[\"registry.opentofu.org/hashicorp/aws\"]","instances":[{"schema_version":0,"attributes":{"arn":"arn:aws:logs:us-east-1:081952199324:log-group:/aws/lambda/tunnel-tunnel-disconnect-dev","id":"/aws/lambda/tunnel-tunnel-disconnect-dev","kms_key_id":"","log_group_class":"STANDARD","name":"/aws/lambda/tunnel-tunnel-disconnect-dev","name_prefix":"","retention_in_days":7,"skip_destroy":false,"tags":{},"tags_all":{"Environment":"dev","ManagedBy":"terraform","Project":"tunnel-service"}},"sensitive_attributes":[],"private":"bnVsbA==","dependencies":["aws_dynamodb_table.domains","aws_dynamodb_table.tunnels","aws_iam_role.lambda_execution","aws_lambda_function.tunnel_disconnect","data.archive_file.tunnel_disconnect_placeholder"]}]},{"mode":"managed","type":"aws_cloudwatch_log_group","name":"tunnel_proxy","provider":"provider[\"registry.opentofu.org/hashicorp/aws\"]","instances":[{"schema_version":0,"attributes":{"arn":"arn:aws:logs:us-east-1:081952199324:log-group:/aws/lambda/tunnel-tunnel-proxy-dev","id":"/aws/lambda/tunnel-tunnel-proxy-dev","kms_key_id":"","log_group_class":"STANDARD","name":"/aws/lambda/tunnel-tunnel-proxy-dev","name_prefix":"","retention_in_days":7,"skip_destroy":false,"tags":{},"tags_all":{"Environment":"dev","ManagedBy":"terraform","Project":"tunnel-service"}},"sensitive_attributes":[],"private":"bnVsbA==","dependencies":["aws_api_gateway_account.main","aws_apigatewayv2_api.websocket_api","aws_apigatewayv2_stage.websocket_api","aws_cloudwatch_log_group.websocket_api","aws_dynamodb_table.domains","aws_dynamodb_table.pending_requests","aws_dynamodb_table.tunnels","aws_iam_role.apigateway_cloudwatch","aws_iam_role.lambda_execution","aws_lambda_function.tunnel_proxy","data.archive_file.tunnel_proxy_placeholder"]}]},{"mode":"managed","type":"aws_cloudwatch_log_group","name":"websocket_api","provider":"provider[\"registry.opentofu.org/hashicorp/aws\"]","instances":[{"schema_version":0,"attributes":{"arn":"arn:aws:logs:us-east-1:081952199324:log-group:/aws/apigateway/tunnel-websocket-dev","id":"/aws/apigateway/tunnel-websocket-dev","kms_key_id":"","log_group_class":"STANDARD","name":"/aws/apigateway/tunnel-websocket-dev","name_prefix":"","retention_in_days":7,"skip_destroy":false,"tags":{},"tags_all":{"Environment":"dev","ManagedBy":"terraform","Project":"tunnel-service"}},"sensitive_attributes":[],"private":"bnVsbA=="}]},{"mode":"managed","type":"aws_dynamodb_table","name":"clients","provider":"provider[\"registry.opentofu.org/hashicorp/aws\"]","instances":[{"schema_version":1,"attributes":{"arn":"arn:aws:dynamodb:us-east-1:081952199324:table/tunnel-clients-dev","attribute":[{"name":"client_id","type":"S"}],"billing_mode":"PAY_PER_REQUEST","deletion_protection_enabled":false,"global_secondary_index":[],"hash_key":"client_id","id":"tunnel-clients-dev","import_table":[],"local_secondary_index":[],"name":"tunnel-clients-dev","on_demand_throughput":[],"point_in_time_recovery":[{"enabled":true,"recovery_period_in_days":35}],"range_key":null,"read_capacity":0,"replica":[],"restore_date_time":null,"restore_source_name":null,"restore_source_table_arn":null,"restore_to_latest_time":null,"server_side_encryption":[],"stream_arn":"","stream_enabled":false,"stream_label":"","stream_view_type":"","table_class":"STANDARD","tags":{"Name":"tunnel-clients-dev"},"tags_all":{"Environment":"dev","ManagedBy":"terraform","Name":"tunnel-clients-dev","Project":"tunnel-service"},"timeouts":null,"ttl":[{"attribute_name":"","enabled":false}],"write_capacity":0},"sensitive_attributes":[],"private":"eyJlMmJmYjczMC1lY2FhLTExZTYtOGY4OC0zNDM2M2JjN2M0YzAiOnsiY3JlYXRlIjoxODAwMDAwMDAwMDAwLCJkZWxldGUiOjYwMDAwMDAwMDAwMCwidXBkYXRlIjozNjAwMDAwMDAwMDAwfSwic2NoZW1hX3ZlcnNpb24iOiIxIn0="}]},{"mode":"managed","type":"aws_dynamodb_table","name":"domains","provider":"provider[\"registry.opentofu.org/hashicorp/aws\"]","instances":[{"schema_version":1,"attributes":{"arn":"arn:aws:dynamodb:us-east-1:081952199324:table/tunnel-domains-dev","attribute":[{"name":"domain","type":"S"}],"billing_mode":"PAY_PER_REQUEST","deletion_protection_enabled":false,"global_secondary_index":[],"hash_key":"domain","id":"tunnel-domains-dev","import_table":[],"local_secondary_index":[],"name":"tunnel-domains-dev","on_demand_throughput":[],"point_in_time_recovery":[{"enabled":true,"recovery_period_in_days":35}],"range_key":null,"read_capacity":0,"replica":[],"restore_date_time":null,"restore_source_name":null,"restore_source_table_arn":null,"restore_to_latest_time":null,"server_side_encryption":[],"stream_arn":"","stream_enabled":false,"stream_label":"","stream_view_type":"","table_class":"STANDARD","tags":{"Name":"tunnel-domains-dev"},"tags_all":{"Environment":"dev","ManagedBy":"terraform","Name":"tunnel-domains-dev","Project":"tunnel-service"},"timeouts":null,"ttl":[{"attribute_name":"","enabled":false}],"write_capacity":0},"sensitive_attributes":[],"private":"eyJlMmJmYjczMC1lY2FhLTExZTYtOGY4OC0zNDM2M2JjN2M0YzAiOnsiY3JlYXRlIjoxODAwMDAwMDAwMDAwLCJkZWxldGUiOjYwMDAwMDAwMDAwMCwidXBkYXRlIjozNjAwMDAwMDAwMDAwfSwic2NoZW1hX3ZlcnNpb24iOiIxIn0="}]},{"mode":"managed","type":"aws_dynamodb_table","name":"pending_requests","provider":"provider[\"registry.opentofu.org/hashicorp/aws\"]","instances":[{"schema_version":1,"attributes":{"arn":"arn:aws:dynamodb:us-east-1:081952199324:table/tunnel-pending-requests-dev","attribute":[{"name":"request_id","type":"S"}],"billing_mode":"PAY_PER_REQUEST","deletion_protection_enabled":false,"global_secondary_index":[],"hash_key":"request_id","id":"tunnel-pending-requests-dev","import_table":[],"local_secondary_index":[],"name":"tunnel-pending-requests-dev","on_demand_throughput":[],"point_in_time_recovery":[{"enabled":true,"recovery_period_in_days":35}],"range_key":null,"read_capacity":0,"replica":[],"restore_date_time":null,"restore_source_name":null,"restore_source_table_arn":null,"restore_to_latest_time":null,"server_side_encryption":[],"stream_arn":"","stream_enabled":false,"stream_label":"","stream_view_type":"","table_class":"STANDARD","tags":{"Name":"tunnel-pending-requests-dev"},"tags_all":{"Environment":"dev","ManagedBy":"terraform","Name":"tunnel-pending-requests-dev","Project":"tunnel-service"},"timeouts":null,"ttl":[{"attribute_name":"ttl","enabled":true}],"write_capacity":0},"sensitive_attributes":[],"private":"eyJlMmJmYjczMC1lY2FhLTExZTYtOGY4OC0zNDM2M2JjN2M0YzAiOnsiY3JlYXRlIjoxODAwMDAwMDAwMDAwLCJkZWxldGUiOjYwMDAwMDAwMDAwMCwidXBkYXRlIjozNjAwMDAwMDAwMDAwfSwic2NoZW1hX3ZlcnNpb24iOiIxIn0="}]},{"mode":"managed","type":"aws_dynamodb_table","name":"tunnels","provider":"provider[\"registry.opentofu.org/hashicorp/aws\"]","instances":[{"schema_version":1,"attributes":{"arn":"arn:aws:dynamodb:us-east-1:081952199324:table/tunnel-tunnels-dev","attribute":[{"name":"client_id","type":"S"},{"name":"tunnel_id","type":"S"}],"billing_mode":"PAY_PER_REQUEST","deletion_protection_enabled":false,"global_secondary_index":[{"hash_key":"client_id","name":"client_id-index","non_key_attributes":[],"on_demand_throughput":[],"projection_type":"ALL","range_key":"","read_capacity":0,"write_capacity":0}],"hash_key":"tunnel_id","id":"tunnel-tunnels-dev","import_table":[],"local_secondary_index":[],"name":"tunnel-tunnels-dev","on_demand_throughput":[],"point_in_time_recovery":[{"enabled":true,"recovery_period_in_days":35}],"range_key":null,"read_capacity":0,"replica":[],"restore_date_time":null,"restore_source_name":null,"restore_source_table_arn":null,"restore_to_latest_time":null,"server_side_encryption":[],"stream_arn":"","stream_enabled":false,"stream_label":"","stream_view_type":"","table_class":"STANDARD","tags":{"Name":"tunnel-tunnels-dev"},"tags_all":{"Environment":"dev","ManagedBy":"terraform","Name":"tunnel-tunnels-dev","Project":"tunnel-service"},"timeouts":null,"ttl":[{"attribute_name":"","enabled":false}],"write_capacity":0},"sensitive_attributes":[],"private":"eyJlMmJmYjczMC1lY2FhLTExZTYtOGY4OC0zNDM2M2JjN2M0YzAiOnsiY3JlYXRlIjoxODAwMDAwMDAwMDAwLCJkZWxldGUiOjYwMDAwMDAwMDAwMCwidXBkYXRlIjozNjAwMDAwMDAwMDAwfSwic2NoZW1hX3ZlcnNpb24iOiIxIn0="}]},{"mode":"managed","type":"aws_iam_role","name":"apigateway_cloudwatch","provider":"provider[\"registry.opentofu.org/hashicorp/aws\"]","instances":[{"schema_version":0,"attributes":{"arn":"arn:aws:iam::081952199324:role/tunnel-apigateway-cloudwatch-dev","assume_role_policy":"{\"Statement\":[{\"Action\":\"sts:AssumeRole\",\"Effect\":\"Allow\",\"Principal\":{\"Service\":\"apigateway.amazonaws.com\"}}],\"Version\":\"2012-10-17\"}","create_date":"2026-02-14T22:36:51Z","description":"","force_detach_policies":false,"id":"tunnel-apigateway-cloudwatch-dev","inline_policy":[],"managed_policy_arns":["arn:aws:iam::aws:policy/service-role/AmazonAPIGatewayPushToCloudWatchLogs"],"max_session_duration":3600,"name":"tunnel-apigateway-cloudwatch-dev","name_prefix":"","path":"/","permissions_boundary":"","tags":{},"tags_all":{"Environment":"dev","ManagedBy":"terraform","Project":"tunnel-service"},"unique_id":"AROARGFF3KKOLTAOETKB7"},"sensitive_attributes":[],"private":"bnVsbA=="}]},{"mode":"managed","type":"aws_iam_role","name":"lambda_execution","provider":"provider[\"registry.opentofu.org/hashicorp/aws\"]","instances":[{"schema_version":0,"attributes":{"arn":"arn:aws:iam::081952199324:role/tunnel-lambda-execution-dev","assume_role_policy":"{\"Statement\":[{\"Action\":\"sts:AssumeRole\",\"Effect\":\"Allow\",\"Principal\":{\"Service\":\"lambda.amazonaws.com\"}}],\"Version\":\"2012-10-17\"}","create_date":"2026-02-14T22:30:59Z","description":"","force_detach_policies":false,"id":"tunnel-lambda-execution-dev","inline_policy":[{"name":"tunnel-lambda-policy-dev","policy":"{\"Version\":\"2012-10-17\",\"Statement\":[{\"Action\":[\"logs:CreateLogGroup\",\"logs:CreateLogStream\",\"logs:PutLogEvents\"],\"Effect\":\"Allow\",\"Resource\":\"arn:aws:logs:*:*:*\"},{\"Action\":[\"dynamodb:GetItem\",\"dynamodb:PutItem\",\"dynamodb:UpdateItem\",\"dynamodb:DeleteItem\",\"dynamodb:Query\",\"dynamodb:Scan\"],\"Effect\":\"Allow\",\"Resource\":[\"arn:aws:dynamodb:us-east-1:081952199324:table/tunnel-clients-dev\",\"arn:aws:dynamodb:us-east-1:081952199324:table/tunnel-tunnels-dev\",\"arn:aws:dynamodb:us-east-1:081952199324:table/tunnel-domains-dev\",\"arn:aws:dynamodb:us-east-1:081952199324:table/tunnel-pending-requests-dev\",\"arn:aws:dynamodb:us-east-1:081952199324:table/tunnel-tunnels-dev/index/*\"]},{\"Action\":[\"execute-api:ManageConnections\"],\"Effect\":\"Allow\",\"Resource\":\"arn:aws:execute-api:us-east-1:081952199324:x1c24c1upb/*\"}]}"}],"managed_policy_arns":[],"max_session_duration":3600,"name":"tunnel-lambda-execution-dev","name_prefix":"","path":"/","permissions_boundary":"","tags":{},"tags_all":{"Environment":"dev","ManagedBy":"terraform","Project":"tunnel-service"},"unique_id":"AROARGFF3KKOPKSIK4ABP"},"sensitive_attributes":[],"private":"bnVsbA=="}]},{"mode":"managed","type":"aws_iam_role_policy","name":"lambda_policy","provider":"provider[\"registry.opentofu.org/hashicorp/aws\"]","instances":[{"schema_version":0,"attributes":{"id":"tunnel-lambda-execution-dev:tunnel-lambda-policy-dev","name":"tunnel-lambda-policy-dev","name_prefix":"","policy":"{\"Version\":\"2012-10-17\",\"Statement\":[{\"Action\":[\"logs:CreateLogGroup\",\"logs:CreateLogStream\",\"logs:PutLogEvents\"],\"Effect\":\"Allow\",\"Resource\":\"arn:aws:logs:*:*:*\"},{\"Action\":[\"dynamodb:GetItem\",\"dynamodb:PutItem\",\"dynamodb:UpdateItem\",\"dynamodb:DeleteItem\",\"dynamodb:Query\",\"dynamodb:Scan\"],\"Effect\":\"Allow\",\"Resource\":[\"arn:aws:dynamodb:us-east-1:081952199324:table/tunnel-clients-dev\",\"arn:aws:dynamodb:us-east-1:081952199324:table/tunnel-tunnels-dev\",\"arn:aws:dynamodb:us-east-1:081952199324:table/tunnel-domains-dev\",\"arn:aws:dynamodb:us-east-1:081952199324:table/tunnel-pending-requests-dev\",\"arn:aws:dynamodb:us-east-1:081952199324:table/tunnel-tunnels-dev/index/*\"]},{\"Action\":[\"execute-api:ManageConnections\"],\"Effect\":\"Allow\",\"Resource\":\"arn:aws:execute-api:us-east-1:081952199324:x1c24c1upb/*\"}]}","role":"tunnel-lambda-execution-dev"},"sensitive_attributes":[],"private":"bnVsbA==","dependencies":["aws_apigatewayv2_api.websocket_api","aws_dynamodb_table.clients","aws_dynamodb_table.domains","aws_dynamodb_table.pending_requests","aws_dynamodb_table.tunnels","aws_iam_role.lambda_execution"]}]},{"mode":"managed","type":"aws_iam_role_policy_attachment","name":"apigateway_cloudwatch","provider":"provider[\"registry.opentofu.org/hashicorp/aws\"]","instances":[{"schema_version":0,"attributes":{"id":"tunnel-apigateway-cloudwatch-dev-20260214223652322800000001","policy_arn":"arn:aws:iam::aws:policy/service-role/AmazonAPIGatewayPushToCloudWatchLogs","role":"tunnel-apigateway-cloudwatch-dev"},"sensitive_attributes":[],"private":"bnVsbA==","dependencies":["aws_iam_role.apigateway_cloudwatch"]}]},{"mode":"managed","type":"aws_lambda_function","name":"authorize_connection","provider":"provider[\"registry.opentofu.org/hashicorp/aws\"]","instances":[{"schema_version":0,"attributes":{"architectures":["x86_64"],"arn":"arn:aws:lambda:us-east-1:081952199324:function:tunnel-authorize-connection-dev","code_sha256":"oTlun27KxMX2Ux62sANW0H6lv8YHSW6MhPBRTV005ak=","code_signing_config_arn":"","dead_letter_config":[],"description":"","environment":[{"variables":{"CLIENTS_TABLE":"tunnel-clients-dev","ENVIRONMENT":"dev"}}],"ephemeral_storage":[{"size":512}],"file_system_config":[],"filename":"./.terraform/lambda-placeholders/authorize-connection.zip","function_name":"tunnel-authorize-connection-dev","handler":"bootstrap","id":"tunnel-authorize-connection-dev","image_config":[],"image_uri":"","invoke_arn":"arn:aws:apigateway:us-east-1:lambda:path/2015-03-31/functions/arn:aws:lambda:us-east-1:081952199324:function:tunnel-authorize-connection-dev/invocations","kms_key_arn":"","last_modified":"2026-02-19T20:54:48.000+0000","layers":[],"logging_config":[{"application_log_level":"","log_format":"Text","log_group":"/aws/lambda/tunnel-authorize-connection-dev","system_log_level":""}],"memory_size":256,"package_type":"Zip","publish":false,"qualified_arn":"arn:aws:lambda:us-east-1:081952199324:function:tunnel-authorize-connection-dev:$LATEST","qualified_invoke_arn":"arn:aws:apigateway:us-east-1:lambda:path/2015-03-31/functions/arn:aws:lambda:us-east-1:081952199324:function:tunnel-authorize-connection-dev:$LATEST/invocations","replace_security_groups_on_destroy":null,"replacement_security_group_ids":null,"reserved_concurrent_executions":-1,"role":"arn:aws:iam::081952199324:role/tunnel-lambda-execution-dev","runtime":"provided.al2023","s3_bucket":null,"s3_key":null,"s3_object_version":null,"signing_job_arn":"","signing_profile_version_arn":"","skip_destroy":false,"snap_start":[],"source_code_hash":"Yz/c6BDreIyYNNTW3Vg0Qgm5PUoeCYHY1h8QPTCQ7hc=","source_code_size":6471576,"tags":{},"tags_all":{"Environment":"dev","ManagedBy":"terraform","Project":"tunnel-service"},"timeout":180,"timeouts":null,"tracing_config":[{"mode":"PassThrough"}],"version":"$LATEST","vpc_config":[]},"sensitive_attributes":[],"private":"eyJlMmJmYjczMC1lY2FhLTExZTYtOGY4OC0zNDM2M2JjN2M0YzAiOnsiY3JlYXRlIjo2MDAwMDAwMDAwMDAsImRlbGV0ZSI6NjAwMDAwMDAwMDAwLCJ1cGRhdGUiOjYwMDAwMDAwMDAwMH19","dependencies":["aws_dynamodb_table.clients","aws_iam_role.lambda_execution","data.archive_file.authorize_connection_placeholder"]}]},{"mode":"managed","type":"aws_lambda_function","name":"create_tunnel","provider":"provider[\"registry.opentofu.org/hashicorp/aws\"]","instances":[{"schema_version":0,"attributes":{"architectures":["x86_64"],"arn":"arn:aws:lambda:us-east-1:081952199324:function:tunnel-create-tunnel-dev","code_sha256":"tJGjY8Ki9+EpeMOg7ztVbTUO4EQQL4fajf/oFC57350=","code_signing_config_arn":"","dead_letter_config":[],"description":"","environment":[{"variables":{"CLIENTS_TABLE":"tunnel-clients-dev","DOMAINS_TABLE":"tunnel-domains-dev","DOMAIN_NAME":"tunnel.atelier.run","ENVIRONMENT":"dev","TUNNELS_TABLE":"tunnel-tunnels-dev","WEBSOCKET_API_STAGE":"dev","WEBSOCKET_API_URL":"wss://x1c24c1upb.execute-api.us-east-1.amazonaws.com"}}],"ephemeral_storage":[{"size":512}],"file_system_config":[],"filename":"./.terraform/lambda-placeholders/create-tunnel.zip","function_name":"tunnel-create-tunnel-dev","handler":"bootstrap","id":"tunnel-create-tunnel-dev","image_config":[],"image_uri":"","invoke_arn":"arn:aws:apigateway:us-east-1:lambda:path/2015-03-31/functions/arn:aws:lambda:us-east-1:081952199324:function:tunnel-create-tunnel-dev/invocations","kms_key_arn":"","last_modified":"2026-02-19T20:54:38.000+0000","layers":[],"logging_config":[{"application_log_level":"","log_format":"Text","log_group":"/aws/lambda/tunnel-create-tunnel-dev","system_log_level":""}],"memory_size":256,"package_type":"Zip","publish":false,"qualified_arn":"arn:aws:lambda:us-east-1:081952199324:function:tunnel-create-tunnel-dev:$LATEST","qualified_invoke_arn":"arn:aws:apigateway:us-east-1:lambda:path/2015-03-31/functions/arn:aws:lambda:us-east-1:081952199324:function:tunnel-create-tunnel-dev:$LATEST/invocations","replace_security_groups_on_destroy":null,"replacement_security_group_ids":null,"reserved_concurrent_executions":-1,"role":"arn:aws:iam::081952199324:role/tunnel-lambda-execution-dev","runtime":"provided.al2023","s3_bucket":null,"s3_key":null,"s3_object_version":null,"signing_job_arn":"","signing_profile_version_arn":"","skip_destroy":false,"snap_start":[],"source_code_hash":"Yz/c6BDreIyYNNTW3Vg0Qgm5PUoeCYHY1h8QPTCQ7hc=","source_code_size":6549828,"tags":{},"tags_all":{"Environment":"dev","ManagedBy":"terraform","Project":"tunnel-service"},"timeout":180,"timeouts":null,"tracing_config":[{"mode":"PassThrough"}],"version":"$LATEST","vpc_config":[]},"sensitive_attributes":[],"private":"eyJlMmJmYjczMC1lY2FhLTExZTYtOGY4OC0zNDM2M2JjN2M0YzAiOnsiY3JlYXRlIjo2MDAwMDAwMDAwMDAsImRlbGV0ZSI6NjAwMDAwMDAwMDAwLCJ1cGRhdGUiOjYwMDAwMDAwMDAwMH19","dependencies":["aws_api_gateway_account.main","aws_apigatewayv2_api.websocket_api","aws_apigatewayv2_stage.websocket_api","aws_cloudwatch_log_group.websocket_api","aws_dynamodb_table.clients","aws_dynamodb_table.domains","aws_dynamodb_table.tunnels","aws_iam_role.apigateway_cloudwatch","aws_iam_role.lambda_execution","data.archive_file.create_tunnel_placeholder"]}]},{"mode":"managed","type":"aws_lambda_function","name":"delete_tunnel","provider":"provider[\"registry.opentofu.org/hashicorp/aws\"]","instances":[{"schema_version":0,"attributes":{"architectures":["x86_64"],"arn":"arn:aws:lambda:us-east-1:081952199324:function:tunnel-delete-tunnel-dev","code_sha256":"MVLtxc8iYdJydVETKMh1/XS38KMOgmTpsk3lmMtiQlc=","code_signing_config_arn":"","dead_letter_config":[],"description":"","environment":[{"variables":{"CLIENTS_TABLE":"tunnel-clients-dev","DOMAINS_TABLE":"tunnel-domains-dev","ENVIRONMENT":"dev","TUNNELS_TABLE":"tunnel-tunnels-dev"}}],"ephemeral_storage":[{"size":512}],"file_system_config":[],"filename":"./.terraform/lambda-placeholders/delete-tunnel.zip","function_name":"tunnel-delete-tunnel-dev","handler":"bootstrap","id":"tunnel-delete-tunnel-dev","image_config":[],"image_uri":"","invoke_arn":"arn:aws:apigateway:us-east-1:lambda:path/2015-03-31/functions/arn:aws:lambda:us-east-1:081952199324:function:tunnel-delete-tunnel-dev/invocations","kms_key_arn":"","last_modified":"2026-02-19T20:54:41.000+0000","layers":[],"logging_config":[{"application_log_level":"","log_format":"Text","log_group":"/aws/lambda/tunnel-delete-tunnel-dev","system_log_level":""}],"memory_size":256,"package_type":"Zip","publish":false,"qualified_arn":"arn:aws:lambda:us-east-1:081952199324:function:tunnel-delete-tunnel-dev:$LATEST","qualified_invoke_arn":"arn:aws:apigateway:us-east-1:lambda:path/2015-03-31/functions/arn:aws:lambda:us-east-1:081952199324:function:tunnel-delete-tunnel-dev:$LATEST/invocations","replace_security_groups_on_destroy":null,"replacement_security_group_ids":null,"reserved_concurrent_executions":-1,"role":"arn:aws:iam::081952199324:role/tunnel-lambda-execution-dev","runtime":"provided.al2023","s3_bucket":null,"s3_key":null,"s3_object_version":null,"signing_job_arn":"","signing_profile_version_arn":"","skip_destroy":false,"snap_start":[],"source_code_hash":"Yz/c6BDreIyYNNTW3Vg0Qgm5PUoeCYHY1h8QPTCQ7hc=","source_code_size":6510893,"tags":{},"tags_all":{"Environment":"dev","ManagedBy":"terraform","Project":"tunnel-service"},"timeout":180,"timeouts":null,"tracing_config":[{"mode":"PassThrough"}],"version":"$LATEST","vpc_config":[]},"sensitive_attributes":[],"private":"eyJlMmJmYjczMC1lY2FhLTExZTYtOGY4OC0zNDM2M2JjN2M0YzAiOnsiY3JlYXRlIjo2MDAwMDAwMDAwMDAsImRlbGV0ZSI6NjAwMDAwMDAwMDAwLCJ1cGRhdGUiOjYwMDAwMDAwMDAwMH19","dependencies":["aws_dynamodb_table.clients","aws_dynamodb_table.domains","aws_dynamodb_table.tunnels","aws_iam_role.lambda_execution","data.archive_file.delete_tunnel_placeholder"]}]},{"mode":"managed","type":"aws_lambda_function","name":"http_proxy","provider":"provider[\"registry.opentofu.org/hashicorp/aws\"]","instances":[{"schema_version":0,"attributes":{"architectures":["x86_64"],"arn":"arn:aws:lambda:us-east-1:081952199324:function:tunnel-http-proxy-dev","code_sha256":"sMxxdj9lORYKbZ3Ry2AZHzszbIQuUITMp7Zc/pRVsms=","code_signing_config_arn":"","dead_letter_config":[],"description":"","environment":[{"variables":{"DOMAINS_TABLE":"tunnel-domains-dev","DOMAIN_NAME":"tunnel.atelier.run","ENVIRONMENT":"dev","PENDING_REQUESTS_TABLE":"tunnel-pending-requests-dev","TUNNELS_TABLE":"tunnel-tunnels-dev","WEBSOCKET_ENDPOINT":"https://x1c24c1upb.execute-api.us-east-1.amazonaws.com/dev"}}],"ephemeral_storage":[{"size":512}],"file_system_config":[],"filename":"./.terraform/lambda-placeholders/http-proxy.zip","function_name":"tunnel-http-proxy-dev","handler":"bootstrap","id":"tunnel-http-proxy-dev","image_config":[],"image_uri":"","invoke_arn":"arn:aws:apigateway:us-east-1:lambda:path/2015-03-31/functions/arn:aws:lambda:us-east-1:081952199324:function:tunnel-http-proxy-dev/invocations","kms_key_arn":"","last_modified":"2026-02-19T20:55:01.000+0000","layers":[],"logging_config":[{"application_log_level":"","log_format":"Text","log_group":"/aws/lambda/tunnel-http-proxy-dev","system_log_level":""}],"memory_size":256,"package_type":"Zip","publish":false,"qualified_arn":"arn:aws:lambda:us-east-1:081952199324:function:tunnel-http-proxy-dev:$LATEST","qualified_invoke_arn":"arn:aws:apigateway:us-east-1:lambda:path/2015-03-31/functions/arn:aws:lambda:us-east-1:081952199324:function:tunnel-http-proxy-dev:$LATEST/invocations","replace_security_groups_on_destroy":null,"replacement_security_group_ids":null,"reserved_concurrent_executions":-1,"role":"arn:aws:iam::081952199324:role/tunnel-lambda-execution-dev","runtime":"provided.al2023","s3_bucket":null,"s3_key":null,"s3_object_version":null,"signing_job_arn":"","signing_profile_version_arn":"","skip_destroy":false,"snap_start":[],"source_code_hash":"Yz/c6BDreIyYNNTW3Vg0Qgm5PUoeCYHY1h8QPTCQ7hc=","source_code_size":6639270,"tags":{},"tags_all":{"Environment":"dev","ManagedBy":"terraform","Project":"tunnel-service"},"timeout":180,"timeouts":null,"tracing_config":[{"mode":"PassThrough"}],"version":"$LATEST","vpc_config":[]},"sensitive_attributes":[],"private":"eyJlMmJmYjczMC1lY2FhLTExZTYtOGY4OC0zNDM2M2JjN2M0YzAiOnsiY3JlYXRlIjo2MDAwMDAwMDAwMDAsImRlbGV0ZSI6NjAwMDAwMDAwMDAwLCJ1cGRhdGUiOjYwMDAwMDAwMDAwMH19","dependencies":["aws_api_gateway_account.main","aws_apigatewayv2_api.websocket_api","aws_apigatewayv2_stage.websocket_api","aws_cloudwatch_log_group.websocket_api","aws_dynamodb_table.domains","aws_dynamodb_table.pending_requests","aws_dynamodb_table.tunnels","aws_iam_role.apigateway_cloudwatch","aws_iam_role.lambda_execution","data.archive_file.http_proxy_placeholder"]}]},{"mode":"managed","type":"aws_lambda_function","name":"list_tunnels","provider":"provider[\"registry.opentofu.org/hashicorp/aws\"]","instances":[{"schema_version":0,"attributes":{"architectures":["x86_64"],"arn":"arn:aws:lambda:us-east-1:081952199324:function:tunnel-list-tunnels-dev","code_sha256":"i6ECotKjCYf5qNUOyF/1u6c2Tladym9gVwDn6wPG0S4=","code_signing_config_arn":"","dead_letter_config":[],"description":"","environment":[{"variables":{"CLIENTS_TABLE":"tunnel-clients-dev","ENVIRONMENT":"dev","TUNNELS_TABLE":"tunnel-tunnels-dev"}}],"ephemeral_storage":[{"size":512}],"file_system_config":[],"filename":"./.terraform/lambda-placeholders/list-tunnels.zip","function_name":"tunnel-list-tunnels-dev","handler":"bootstrap","id":"tunnel-list-tunnels-dev","image_config":[],"image_uri":"","invoke_arn":"arn:aws:apigateway:us-east-1:lambda:path/2015-03-31/functions/arn:aws:lambda:us-east-1:081952199324:function:tunnel-list-tunnels-dev/invocations","kms_key_arn":"","last_modified":"2026-02-19T20:54:44.000+0000","layers":[],"logging_config":[{"application_log_level":"","log_format":"Text","log_group":"/aws/lambda/tunnel-list-tunnels-dev","system_log_level":""}],"memory_size":256,"package_type":"Zip","publish":false,"qualified_arn":"arn:aws:lambda:us-east-1:081952199324:function:tunnel-list-tunnels-dev:$LATEST","qualified_invoke_arn":"arn:aws:apigateway:us-east-1:lambda:path/2015-03-31/functions/arn:aws:lambda:us-east-1:081952199324:function:tunnel-list-tunnels-dev:$LATEST/invocations","replace_security_groups_on_destroy":null,"replacement_security_group_ids":null,"reserved_concurrent_executions":-1,"role":"arn:aws:iam::081952199324:role/tunnel-lambda-execution-dev","runtime":"provided.al2023","s3_bucket":null,"s3_key":null,"s3_object_version":null,"signing_job_arn":"","signing_profile_version_arn":"","skip_destroy":false,"snap_start":[],"source_code_hash":"Yz/c6BDreIyYNNTW3Vg0Qgm5PUoeCYHY1h8QPTCQ7hc=","source_code_size":6486939,"tags":{},"tags_all":{"Environment":"dev","ManagedBy":"terraform","Project":"tunnel-service"},"timeout":180,"timeouts":null,"tracing_config":[{"mode":"PassThrough"}],"version":"$LATEST","vpc_config":[]},"sensitive_attributes":[],"private":"eyJlMmJmYjczMC1lY2FhLTExZTYtOGY4OC0zNDM2M2JjN2M0YzAiOnsiY3JlYXRlIjo2MDAwMDAwMDAwMDAsImRlbGV0ZSI6NjAwMDAwMDAwMDAwLCJ1cGRhdGUiOjYwMDAwMDAwMDAwMH19","dependencies":["aws_dynamodb_table.clients","aws_dynamodb_table.tunnels","aws_iam_role.lambda_execution","data.archive_file.list_tunnels_placeholder"]}]},{"mode":"managed","type":"aws_lambda_function","name":"register_client","provider":"provider[\"registry.opentofu.org/hashicorp/aws\"]","instances":[{"schema_version":0,"attributes":{"architectures":["x86_64"],"arn":"arn:aws:lambda:us-east-1:081952199324:function:tunnel-register-client-dev","code_sha256":"B9yYYA23lCuRlt74bJ1pUBFEq+x/ncn1sUjY3jyzags=","code_signing_config_arn":"","dead_letter_config":[],"description":"","environment":[{"variables":{"CLIENTS_TABLE":"tunnel-clients-dev","ENVIRONMENT":"dev"}}],"ephemeral_storage":[{"size":512}],"file_system_config":[],"filename":"./.terraform/lambda-placeholders/register-client.zip","function_name":"tunnel-register-client-dev","handler":"bootstrap","id":"tunnel-register-client-dev","image_config":[],"image_uri":"","invoke_arn":"arn:aws:apigateway:us-east-1:lambda:path/2015-03-31/functions/arn:aws:lambda:us-east-1:081952199324:function:tunnel-register-client-dev/invocations","kms_key_arn":"","last_modified":"2026-02-19T20:54:34.000+0000","layers":[],"logging_config":[{"application_log_level":"","log_format":"Text","log_group":"/aws/lambda/tunnel-register-client-dev","system_log_level":""}],"memory_size":256,"package_type":"Zip","publish":false,"qualified_arn":"arn:aws:lambda:us-east-1:081952199324:function:tunnel-register-client-dev:$LATEST","qualified_invoke_arn":"arn:aws:apigateway:us-east-1:lambda:path/2015-03-31/functions/arn:aws:lambda:us-east-1:081952199324:function:tunnel-register-client-dev:$LATEST/invocations","replace_security_groups_on_destroy":null,"replacement_security_group_ids":null,"reserved_concurrent_executions":-1,"role":"arn:aws:iam::081952199324:role/tunnel-lambda-execution-dev","runtime":"provided.al2023","s3_bucket":null,"s3_key":null,"s3_object_version":null,"signing_job_arn":"","signing_profile_version_arn":"","skip_destroy":false,"snap_start":[],"source_code_hash":"Yz/c6BDreIyYNNTW3Vg0Qgm5PUoeCYHY1h8QPTCQ7hc=","source_code_size":6464463,"tags":{},"tags_all":{"Environment":"dev","ManagedBy":"terraform","Project":"tunnel-service"},"timeout":180,"timeouts":null,"tracing_config":[{"mode":"PassThrough"}],"version":"$LATEST","vpc_config":[]},"sensitive_attributes":[],"private":"eyJlMmJmYjczMC1lY2FhLTExZTYtOGY4OC0zNDM2M2JjN2M0YzAiOnsiY3JlYXRlIjo2MDAwMDAwMDAwMDAsImRlbGV0ZSI6NjAwMDAwMDAwMDAwLCJ1cGRhdGUiOjYwMDAwMDAwMDAwMH19","dependencies":["aws_dynamodb_table.clients","aws_iam_role.lambda_execution","data.archive_file.register_client_placeholder"]}]},{"mode":"managed","type":"aws_lambda_function","name":"tunnel_connect","provider":"provider[\"registry.opentofu.org/hashicorp/aws\"]","instances":[{"schema_version":0,"attributes":{"architectures":["x86_64"],"arn":"arn:aws:lambda:us-east-1:081952199324:function:tunnel-tunnel-connect-dev","code_sha256":"BFN5ebXAPrB2+CaRL40mrf1Xk0BTIZUTjfJ4hv9f6Hk=","code_signing_config_arn":"","dead_letter_config":[],"description":"","environment":[{"variables":{"ENVIRONMENT":"dev","TUNNELS_TABLE":"tunnel-tunnels-dev"}}],"ephemeral_storage":[{"size":512}],"file_system_config":[],"filename":"./.terraform/lambda-placeholders/tunnel-connect.zip","function_name":"tunnel-tunnel-connect-dev","handler":"bootstrap","id":"tunnel-tunnel-connect-dev","image_config":[],"image_uri":"","invoke_arn":"arn:aws:apigateway:us-east-1:lambda:path/2015-03-31/functions/arn:aws:lambda:us-east-1:081952199324:function:tunnel-tunnel-connect-dev/invocations","kms_key_arn":"","last_modified":"2026-02-19T20:54:51.000+0000","layers":[],"logging_config":[{"application_log_level":"","log_format":"Text","log_group":"/aws/lambda/tunnel-tunnel-connect-dev","system_log_level":""}],"memory_size":256,"package_type":"Zip","publish":false,"qualified_arn":"arn:aws:lambda:us-east-1:081952199324:function:tunnel-tunnel-connect-dev:$LATEST","qualified_invoke_arn":"arn:aws:apigateway:us-east-1:lambda:path/2015-03-31/functions/arn:aws:lambda:us-east-1:081952199324:function:tunnel-tunnel-connect-dev:$LATEST/invocations","replace_security_groups_on_destroy":null,"replacement_security_group_ids":null,"reserved_concurrent_executions":-1,"role":"arn:aws:iam::081952199324:role/tunnel-lambda-execution-dev","runtime":"provided.al2023","s3_bucket":null,"s3_key":null,"s3_object_version":null,"signing_job_arn":"","signing_profile_version_arn":"","skip_destroy":false,"snap_start":[],"source_code_hash":"Yz/c6BDreIyYNNTW3Vg0Qgm5PUoeCYHY1h8QPTCQ7hc=","source_code_size":6472089,"tags":{},"tags_all":{"Environment":"dev","ManagedBy":"terraform","Project":"tunnel-service"},"timeout":180,"timeouts":null,"tracing_config":[{"mode":"PassThrough"}],"version":"$LATEST","vpc_config":[]},"sensitive_attributes":[],"private":"eyJlMmJmYjczMC1lY2FhLTExZTYtOGY4OC0zNDM2M2JjN2M0YzAiOnsiY3JlYXRlIjo2MDAwMDAwMDAwMDAsImRlbGV0ZSI6NjAwMDAwMDAwMDAwLCJ1cGRhdGUiOjYwMDAwMDAwMDAwMH19","dependencies":["aws_dynamodb_table.tunnels","aws_iam_role.lambda_execution","data.archive_file.tunnel_connect_placeholder"]}]},{"mode":"managed","type":"aws_lambda_function","name":"tunnel_disconnect","provider":"provider[\"registry.opentofu.org/hashicorp/aws\"]","instances":[{"schema_version":0,"attributes":{"architectures":["x86_64"],"arn":"arn:aws:lambda:us-east-1:081952199324:function:tunnel-tunnel-disconnect-dev","code_sha256":"OWD76uK5o4XzQvTN5uZNomoElA/j2/AlGyg5Phj9MWY=","code_signing_config_arn":"","dead_letter_config":[],"description":"","environment":[{"variables":{"DOMAINS_TABLE":"tunnel-domains-dev","ENVIRONMENT":"dev","TUNNELS_TABLE":"tunnel-tunnels-dev"}}],"ephemeral_storage":[{"size":512}],"file_system_config":[],"filename":"./.terraform/lambda-placeholders/tunnel-disconnect.zip","function_name":"tunnel-tunnel-disconnect-dev","handler":"bootstrap","id":"tunnel-tunnel-disconnect-dev","image_config":[],"image_uri":"","invoke_arn":"arn:aws:apigateway:us-east-1:lambda:path/2015-03-31/functions/arn:aws:lambda:us-east-1:081952199324:function:tunnel-tunnel-disconnect-dev/invocations","kms_key_arn":"","last_modified":"2026-02-19T20:54:55.000+0000","layers":[],"logging_config":[{"application_log_level":"","log_format":"Text","log_group":"/aws/lambda/tunnel-tunnel-disconnect-dev","system_log_level":""}],"memory_size":256,"package_type":"Zip","publish":false,"qualified_arn":"arn:aws:lambda:us-east-1:081952199324:function:tunnel-tunnel-disconnect-dev:$LATEST","qualified_invoke_arn":"arn:aws:apigateway:us-east-1:lambda:path/2015-03-31/functions/arn:aws:lambda:us-east-1:081952199324:function:tunnel-tunnel-disconnect-dev:$LATEST/invocations","replace_security_groups_on_destroy":null,"replacement_security_group_ids":null,"reserved_concurrent_executions":-1,"role":"arn:aws:iam::081952199324:role/tunnel-lambda-execution-dev","runtime":"provided.al2023","s3_bucket":null,"s3_key":null,"s3_object_version":null,"signing_job_arn":"","signing_profile_version_arn":"","skip_destroy":false,"snap_start":[],"source_code_hash":"Yz/c6BDreIyYNNTW3Vg0Qgm5PUoeCYHY1h8QPTCQ7hc=","source_code_size":6480204,"tags":{},"tags_all":{"Environment":"dev","ManagedBy":"terraform","Project":"tunnel-service"},"timeout":180,"timeouts":null,"tracing_config":[{"mode":"PassThrough"}],"version":"$LATEST","vpc_config":[]},"sensitive_attributes":[],"private":"eyJlMmJmYjczMC1lY2FhLTExZTYtOGY4OC0zNDM2M2JjN2M0YzAiOnsiY3JlYXRlIjo2MDAwMDAwMDAwMDAsImRlbGV0ZSI6NjAwMDAwMDAwMDAwLCJ1cGRhdGUiOjYwMDAwMDAwMDAwMH19","dependencies":["aws_dynamodb_table.domains","aws_dynamodb_table.tunnels","aws_iam_role.lambda_execution","data.archive_file.tunnel_disconnect_placeholder"]}]},{"mode":"managed","type":"aws_lambda_function","name":"tunnel_proxy","provider":"provider[\"registry.opentofu.org/hashicorp/aws\"]","instances":[{"schema_version":0,"attributes":{"architectures":["x86_64"],"arn":"arn:aws:lambda:us-east-1:081952199324:function:tunnel-tunnel-proxy-dev","code_sha256":"bTFPZ8UyQIFPwN0EmCb3EI99WBLatgvtqXgqlXfm8P8=","code_signing_config_arn":"","dead_letter_config":[],"description":"","environment":[{"variables":{"DOMAINS_TABLE":"tunnel-domains-dev","ENVIRONMENT":"dev","PENDING_REQUESTS_TABLE":"tunnel-pending-requests-dev","TUNNELS_TABLE":"tunnel-tunnels-dev","WEBSOCKET_ENDPOINT":"https://x1c24c1upb.execute-api.us-east-1.amazonaws.com/dev"}}],"ephemeral_storage":[{"size":512}],"file_system_config":[],"filename":"./.terraform/lambda-placeholders/tunnel-proxy.zip","function_name":"tunnel-tunnel-proxy-dev","handler":"bootstrap","id":"tunnel-tunnel-proxy-dev","image_config":[],"image_uri":"","invoke_arn":"arn:aws:apigateway:us-east-1:lambda:path/2015-03-31/functions/arn:aws:lambda:us-east-1:081952199324:function:tunnel-tunnel-proxy-dev/invocations","kms_key_arn":"","last_modified":"2026-02-19T20:54:58.000+0000","layers":[],"logging_config":[{"application_log_level":"","log_format":"Text","log_group":"/aws/lambda/tunnel-tunnel-proxy-dev","system_log_level":""}],"memory_size":512,"package_type":"Zip","publish":false,"qualified_arn":"arn:aws:lambda:us-east-1:081952199324:function:tunnel-tunnel-proxy-dev:$LATEST","qualified_invoke_arn":"arn:aws:apigateway:us-east-1:lambda:path/2015-03-31/functions/arn:aws:lambda:us-east-1:081952199324:function:tunnel-tunnel-proxy-dev:$LATEST/invocations","replace_security_groups_on_destroy":null,"replacement_security_group_ids":null,"reserved_concurrent_executions":-1,"role":"arn:aws:iam::081952199324:role/tunnel-lambda-execution-dev","runtime":"provided.al2023","s3_bucket":null,"s3_key":null,"s3_object_version":null,"signing_job_arn":"","signing_profile_version_arn":"","skip_destroy":false,"snap_start":[],"source_code_hash":"Yz/c6BDreIyYNNTW3Vg0Qgm5PUoeCYHY1h8QPTCQ7hc=","source_code_size":6564567,"tags":{},"tags_all":{"Environment":"dev","ManagedBy":"terraform","Project":"tunnel-service"},"timeout":300,"timeouts":null,"tracing_config":[{"mode":"PassThrough"}],"version":"$LATEST","vpc_config":[]},"sensitive_attributes":[],"private":"eyJlMmJmYjczMC1lY2FhLTExZTYtOGY4OC0zNDM2M2JjN2M0YzAiOnsiY3JlYXRlIjo2MDAwMDAwMDAwMDAsImRlbGV0ZSI6NjAwMDAwMDAwMDAwLCJ1cGRhdGUiOjYwMDAwMDAwMDAwMH19","dependencies":["aws_api_gateway_account.main","aws_apigatewayv2_api.websocket_api","aws_apigatewayv2_stage.websocket_api","aws_cloudwatch_log_group.websocket_api","aws_dynamodb_table.domains","aws_dynamodb_table.pending_requests","aws_dynamodb_table.tunnels","aws_iam_role.apigateway_cloudwatch","aws_iam_role.lambda_execution","data.archive_file.tunnel_proxy_placeholder"]}]},{"mode":"managed","type":"aws_lambda_function_url","name":"http_proxy","provider":"provider[\"registry.opentofu.org/hashicorp/aws\"]","instances":[{"schema_version":0,"attributes":{"authorization_type":"NONE","cors":[],"function_arn":"arn:aws:lambda:us-east-1:081952199324:function:tunnel-http-proxy-dev","function_name":"tunnel-http-proxy-dev","function_url":"https://nvmd362ibmi7p76rnxljeec2wy0jjuns.lambda-url.us-east-1.on.aws/","id":"tunnel-http-proxy-dev","invoke_mode":"RESPONSE_STREAM","qualifier":"","timeouts":null,"url_id":"nvmd362ibmi7p76rnxljeec2wy0jjuns"},"sensitive_attributes":[],"private":"eyJlMmJmYjczMC1lY2FhLTExZTYtOGY4OC0zNDM2M2JjN2M0YzAiOnsiY3JlYXRlIjo2MDAwMDAwMDAwMDB9fQ==","dependencies":["aws_api_gateway_account.main","aws_apigatewayv2_api.websocket_api","aws_apigatewayv2_stage.websocket_api","aws_cloudwatch_log_group.websocket_api","aws_dynamodb_table.domains","aws_dynamodb_table.pending_requests","aws_dynamodb_table.tunnels","aws_iam_role.apigateway_cloudwatch","aws_iam_role.lambda_execution","aws_lambda_function.http_proxy","data.archive_file.http_proxy_placeholder"]}]},{"mode":"managed","type":"aws_lambda_permission","name":"apigw_authorizer","provider":"provider[\"registry.opentofu.org/hashicorp/aws\"]","instances":[{"schema_version":0,"attributes":{"action":"lambda:InvokeFunction","event_source_token":null,"function_name":"tunnel-authorize-connection-dev","function_url_auth_type":null,"id":"AllowAPIGatewayInvoke","principal":"apigateway.amazonaws.com","principal_org_id":null,"qualifier":"","source_account":null,"source_arn":"arn:aws:execute-api:us-east-1:081952199324:x1c24c1upb/*/*","statement_id":"AllowAPIGatewayInvoke","statement_id_prefix":""},"sensitive_attributes":[],"private":"bnVsbA==","dependencies":["aws_apigatewayv2_api.websocket_api","aws_dynamodb_table.clients","aws_iam_role.lambda_execution","aws_lambda_function.authorize_connection","data.archive_file.authorize_connection_placeholder"]}]},{"mode":"managed","type":"aws_lambda_permission","name":"apigw_connect","provider":"provider[\"registry.opentofu.org/hashicorp/aws\"]","instances":[{"schema_version":0,"attributes":{"action":"lambda:InvokeFunction","event_source_token":null,"function_name":"tunnel-tunnel-connect-dev","function_url_auth_type":null,"id":"AllowAPIGatewayInvoke","principal":"apigateway.amazonaws.com","principal_org_id":null,"qualifier":"","source_account":null,"source_arn":"arn:aws:execute-api:us-east-1:081952199324:x1c24c1upb/*/*","statement_id":"AllowAPIGatewayInvoke","statement_id_prefix":""},"sensitive_attributes":[],"private":"bnVsbA==","dependencies":["aws_apigatewayv2_api.websocket_api","aws_dynamodb_table.tunnels","aws_iam_role.lambda_execution","aws_lambda_function.tunnel_connect","data.archive_file.tunnel_connect_placeholder"]}]},{"mode":"managed","type":"aws_lambda_permission","name":"apigw_default","provider":"provider[\"registry.opentofu.org/hashicorp/aws\"]","instances":[{"schema_version":0,"attributes":{"action":"lambda:InvokeFunction","event_source_token":null,"function_name":"tunnel-tunnel-proxy-dev","function_url_auth_type":null,"id":"AllowAPIGatewayInvoke","principal":"apigateway.amazonaws.com","principal_org_id":null,"qualifier":"","source_account":null,"source_arn":"arn:aws:execute-api:us-east-1:081952199324:x1c24c1upb/*/*","statement_id":"AllowAPIGatewayInvoke","statement_id_prefix":""},"sensitive_attributes":[],"private":"bnVsbA==","dependencies":["aws_api_gateway_account.main","aws_apigatewayv2_api.websocket_api","aws_apigatewayv2_stage.websocket_api","aws_cloudwatch_log_group.websocket_api","aws_dynamodb_table.domains","aws_dynamodb_table.pending_requests","aws_dynamodb_table.tunnels","aws_iam_role.apigateway_cloudwatch","aws_iam_role.lambda_execution","aws_lambda_function.tunnel_proxy","data.archive_file.tunnel_proxy_placeholder"]}]},{"mode":"managed","type":"aws_lambda_permission","name":"apigw_disconnect","provider":"provider[\"registry.opentofu.org/hashicorp/aws\"]","instances":[{"schema_version":0,"attributes":{"action":"lambda:InvokeFunction","event_source_token":null,"function_name":"tunnel-tunnel-disconnect-dev","function_url_auth_type":null,"id":"AllowAPIGatewayInvoke","principal":"apigateway.amazonaws.com","principal_org_id":null,"qualifier":"","source_account":null,"source_arn":"arn:aws:execute-api:us-east-1:081952199324:x1c24c1upb/*/*","statement_id":"AllowAPIGatewayInvoke","statement_id_prefix":""},"sensitive_attributes":[],"private":"bnVsbA==","dependencies":["aws_apigatewayv2_api.websocket_api","aws_dynamodb_table.domains","aws_dynamodb_table.tunnels","aws_iam_role.lambda_execution","aws_lambda_function.tunnel_disconnect","data.archive_file.tunnel_disconnect_placeholder"]}]},{"mode":"managed","type":"aws_lambda_permission","name":"rest_create_tunnel","provider":"provider[\"registry.opentofu.org/hashicorp/aws\"]","instances":[{"schema_version":0,"attributes":{"action":"lambda:InvokeFunction","event_source_token":null,"function_name":"tunnel-create-tunnel-dev","function_url_auth_type":null,"id":"AllowAPIGatewayInvoke","principal":"apigateway.amazonaws.com","principal_org_id":null,"qualifier":"","source_account":null,"source_arn":"arn:aws:execute-api:us-east-1:081952199324:vczsl3eyra/*/*","statement_id":"AllowAPIGatewayInvoke","statement_id_prefix":""},"sensitive_attributes":[],"private":"bnVsbA==","dependencies":["aws_api_gateway_account.main","aws_apigatewayv2_api.rest_api","aws_apigatewayv2_api.websocket_api","aws_apigatewayv2_stage.websocket_api","aws_cloudwatch_log_group.websocket_api","aws_dynamodb_table.clients","aws_dynamodb_table.domains","aws_dynamodb_table.tunnels","aws_iam_role.apigateway_cloudwatch","aws_iam_role.lambda_execution","aws_lambda_function.create_tunnel","data.archive_file.create_tunnel_placeholder"]}]},{"mode":"managed","type":"aws_lambda_permission","name":"rest_delete_tunnel","provider":"provider[\"registry.opentofu.org/hashicorp/aws\"]","instances":[{"schema_version":0,"attributes":{"action":"lambda:InvokeFunction","event_source_token":null,"function_name":"tunnel-delete-tunnel-dev","function_url_auth_type":null,"id":"AllowAPIGatewayInvoke","principal":"apigateway.amazonaws.com","principal_org_id":null,"qualifier":"","source_account":null,"source_arn":"arn:aws:execute-api:us-east-1:081952199324:vczsl3eyra/*/*","statement_id":"AllowAPIGatewayInvoke","statement_id_prefix":""},"sensitive_attributes":[],"private":"bnVsbA==","dependencies":["aws_apigatewayv2_api.rest_api","aws_dynamodb_table.clients","aws_dynamodb_table.domains","aws_dynamodb_table.tunnels","aws_iam_role.lambda_execution","aws_lambda_function.delete_tunnel","data.archive_file.delete_tunnel_placeholder"]}]},{"mode":"managed","type":"aws_lambda_permission","name":"rest_http_proxy","provider":"provider[\"registry.opentofu.org/hashicorp/aws\"]","instances":[{"schema_version":0,"attributes":{"action":"lambda:InvokeFunction","event_source_token":null,"function_name":"tunnel-http-proxy-dev","function_url_auth_type":null,"id":"AllowAPIGatewayInvoke","principal":"apigateway.amazonaws.com","principal_org_id":null,"qualifier":"","source_account":null,"source_arn":"arn:aws:execute-api:us-east-1:081952199324:vczsl3eyra/*/*","statement_id":"AllowAPIGatewayInvoke","statement_id_prefix":""},"sensitive_attributes":[],"private":"bnVsbA==","dependencies":["aws_api_gateway_account.main","aws_apigatewayv2_api.rest_api","aws_apigatewayv2_api.websocket_api","aws_apigatewayv2_stage.websocket_api","aws_cloudwatch_log_group.websocket_api","aws_dynamodb_table.domains","aws_dynamodb_table.pending_requests","aws_dynamodb_table.tunnels","aws_iam_role.apigateway_cloudwatch","aws_iam_role.lambda_execution","aws_lambda_function.http_proxy","data.archive_file.http_proxy_placeholder"]}]},{"mode":"managed","type":"aws_lambda_permission","name":"rest_list_tunnels","provider":"provider[\"registry.opentofu.org/hashicorp/aws\"]","instances":[{"schema_version":0,"attributes":{"action":"lambda:InvokeFunction","event_source_token":null,"function_name":"tunnel-list-tunnels-dev","function_url_auth_type":null,"id":"AllowAPIGatewayInvoke","principal":"apigateway.amazonaws.com","principal_org_id":null,"qualifier":"","source_account":null,"source_arn":"arn:aws:execute-api:us-east-1:081952199324:vczsl3eyra/*/*","statement_id":"AllowAPIGatewayInvoke","statement_id_prefix":""},"sensitive_attributes":[],"private":"bnVsbA==","dependencies":["aws_apigatewayv2_api.rest_api","aws_dynamodb_table.clients","aws_dynamodb_table.tunnels","aws_iam_role.lambda_execution","aws_lambda_function.list_tunnels","data.archive_file.list_tunnels_placeholder"]}]},{"mode":"managed","type":"aws_lambda_permission","name":"rest_register_client","provider":"provider[\"registry.opentofu.org/hashicorp/aws\"]","instances":[{"schema_version":0,"attributes":{"action":"lambda:InvokeFunction","event_source_token":null,"function_name":"tunnel-register-client-dev","function_url_auth_type":null,"id":"AllowAPIGatewayInvoke","principal":"apigateway.amazonaws.com","principal_org_id":null,"qualifier":"","source_account":null,"source_arn":"arn:aws:execute-api:us-east-1:081952199324:vczsl3eyra/*/*","statement_id":"AllowAPIGatewayInvoke","statement_id_prefix":""},"sensitive_attributes":[],"private":"bnVsbA==","dependencies":["aws_apigatewayv2_api.rest_api","aws_dynamodb_table.clients","aws_iam_role.lambda_execution","aws_lambda_function.register_client","data.archive_file.register_client_placeholder"]}]},{"mode":"managed","type":"aws_s3_bucket","name":"lambda_deployments","provider":"provider[\"registry.opentofu.org/hashicorp/aws\"]","instances":[{"schema_version":0,"attributes":{"acceleration_status":"","acl":null,"arn":"arn:aws:s3:::tunnel-lambda-deployments-dev","bucket":"tunnel-lambda-deployments-dev","bucket_domain_name":"tunnel-lambda-deployments-dev.s3.amazonaws.com","bucket_prefix":"","bucket_regional_domain_name":"tunnel-lambda-deployments-dev.s3.us-east-1.amazonaws.com","cors_rule":[],"force_destroy":false,"grant":[{"id":"2b511d6e8aef851945fa12923d09a25e294e0eefe22f80804d86d5d5a29a023c","permissions":["FULL_CONTROL"],"type":"CanonicalUser","uri":""}],"hosted_zone_id":"Z3AQBSTGFYJSTF","id":"tunnel-lambda-deployments-dev","lifecycle_rule":[],"logging":[],"object_lock_configuration":[],"object_lock_enabled":false,"policy":"","region":"us-east-1","replication_configuration":[],"request_payer":"BucketOwner","server_side_encryption_configuration":[{"rule":[{"apply_server_side_encryption_by_default":[{"kms_master_key_id":"","sse_algorithm":"AES256"}],"bucket_key_enabled":false}]}],"tags":{},"tags_all":{"Environment":"dev","ManagedBy":"terraform","Project":"tunnel-service"},"timeouts":null,"versioning":[{"enabled":true,"mfa_delete":false}],"website":[],"website_domain":null,"website_endpoint":null},"sensitive_attributes":[],"private":"eyJlMmJmYjczMC1lY2FhLTExZTYtOGY4OC0zNDM2M2JjN2M0YzAiOnsiY3JlYXRlIjoxMjAwMDAwMDAwMDAwLCJkZWxldGUiOjM2MDAwMDAwMDAwMDAsInJlYWQiOjEyMDAwMDAwMDAwMDAsInVwZGF0ZSI6MTIwMDAwMDAwMDAwMH19"}]},{"mode":"managed","type":"aws_s3_bucket_server_side_encryption_configuration","name":"lambda_deployments","provider":"provider[\"registry.opentofu.org/hashicorp/aws\"]","instances":[{"schema_version":0,"attributes":{"bucket":"tunnel-lambda-deployments-dev","expected_bucket_owner":"","id":"tunnel-lambda-deployments-dev","rule":[{"apply_server_side_encryption_by_default":[{"kms_master_key_id":"","sse_algorithm":"AES256"}],"bucket_key_enabled":false}]},"sensitive_attributes":[],"private":"bnVsbA==","dependencies":["aws_s3_bucket.lambda_deployments"]}]},{"mode":"managed","type":"aws_s3_bucket_versioning","name":"lambda_deployments","provider":"provider[\"registry.opentofu.org/hashicorp/aws\"]","instances":[{"schema_version":0,"attributes":{"bucket":"tunnel-lambda-deployments-dev","expected_bucket_owner":"","id":"tunnel-lambda-deployments-dev","mfa":null,"versioning_configuration":[{"mfa_delete":"","status":"Enabled"}]},"sensitive_attributes":[],"private":"bnVsbA==","dependencies":["aws_s3_bucket.lambda_deployments"]}]}],"check_results":null}
